
Microsoft Visual Studio Solution File, Format Version 12.00
# Visual Studio Version 17
VisualStudioVersion = 17.0.31903.59
MinimumVisualStudioVersion = 10.0.40219.1
Project("{2150E333-8FDC-42A3-9474-1A3956D46DE8}") = "dlls", "dlls", "{A95BA376-B21A-74C0-40F1-EB19CFA13FFF}"
EndProject
Project("{FAE04EC0-301F-11D3-BF4B-00C04F79EFBC}") = "BroStreamerTools", "dlls\BroStreamerTools\BroStreamerTools.csproj", "{AE172120-D117-47EB-835F-F642A36C7DD7}"
EndProject
Project("{2150E333-8FDC-42A3-9474-1A3956D46DE8}") = "_shims", "_shims", "{5859B3E3-704B-AA76-6FF4-C8AD9A26BE2B}"
EndProject
Project("{FAE04EC0-301F-11D3-BF4B-00C04F79EFBC}") = "Shims.shadow", "_shims\Shims.shadow.csproj", "{20D28580-2EF4-4D23-8E17-276F7DD021A0}"
EndProject
Project("{2150E333-8FDC-42A3-9474-1A3956D46DE8}") = "SubActions", "SubActions", "{41B874FF-664E-CB6B-BE46-5C54BB72026C}"
EndProject
Project("{2150E333-8FDC-42A3-9474-1A3956D46DE8}") = "Common", "Common", "{9B1055B9-CFA6-8AE7-DCDE-1878E3F42320}"
EndProject
Project("{2150E333-8FDC-42A3-9474-1A3956D46DE8}") = "General", "General", "{AD9DEE37-C5DA-7D6E-7BA6-B3393648365D}"
EndProject
Project("{2150E333-8FDC-42A3-9474-1A3956D46DE8}") = "Alerts", "Alerts", "{6BAF68F6-F52C-DDDB-D644-17161BDD9330}"
EndProject
Project("{2150E333-8FDC-42A3-9474-1A3956D46DE8}") = "KofiAlerts", "KofiAlerts", "{B02865D0-342F-3ECA-8F46-9F9E5B04C82B}"
EndProject
Project("{FAE04EC0-301F-11D3-BF4B-00C04F79EFBC}") = "StartKofiAlert.shadow", "SubActions\Common\General\Alerts\KofiAlerts\StartKofiAlert.shadow.csproj", "{C90566A6-6082-4685-B457-25177B0DDF7A}"
EndProject
Project("{2150E333-8FDC-42A3-9474-1A3956D46DE8}") = "ReplayAlert", "ReplayAlert", "{6BBEC536-1C8C-B58B-8894-8562DCE7A3C6}"
EndProject
Project("{FAE04EC0-301F-11D3-BF4B-00C04F79EFBC}") = "ReplayAlert.shadow", "SubActions\Common\General\Alerts\ReplayAlert\ReplayAlert.shadow.csproj", "{9235E463-6673-4AE5-8CCF-27108C822BF0}"
EndProject
Project("{2150E333-8FDC-42A3-9474-1A3956D46DE8}") = "SkipAlert", "SkipAlert", "{74269119-B55E-BBED-0F9A-523FA206DBBB}"
EndProject
Project("{FAE04EC0-301F-11D3-BF4B-00C04F79EFBC}") = "SkipCurrentAlert.shadow", "SubActions\Common\General\Alerts\SkipAlert\SkipCurrentAlert.shadow.csproj", "{4B5E715A-4B65-4714-BE0E-D3D3E614C23E}"
EndProject
Project("{2150E333-8FDC-42A3-9474-1A3956D46DE8}") = "TwitchSubAlerts", "TwitchSubAlerts", "{F3CE27DE-F9FC-25E0-9340-E9279779B096}"
EndProject
Project("{FAE04EC0-301F-11D3-BF4B-00C04F79EFBC}") = "StartTwitchAlert.shadow", "SubActions\Common\General\Alerts\TwitchSubAlerts\StartTwitchAlert.shadow.csproj", "{4A81B8C5-5C5F-40FF-9323-385C8EF51A8B}"
EndProject
Project("{2150E333-8FDC-42A3-9474-1A3956D46DE8}") = "Brb", "Brb", "{19E44FDB-CF07-394D-F9FD-F615BB736F51}"
EndProject
Project("{2150E333-8FDC-42A3-9474-1A3956D46DE8}") = "StartBrb", "StartBrb", "{84B1B3BD-0982-9E5D-87CD-39651C85E885}"
EndProject
Project("{2150E333-8FDC-42A3-9474-1A3956D46DE8}") = "TickBrbTimer", "TickBrbTimer", "{EB51E8E6-C3C5-7321-EBC0-E72DE2068E8E}"
EndProject
Project("{FAE04EC0-301F-11D3-BF4B-00C04F79EFBC}") = "UpdateBrbText.shadow", "SubActions\Common\General\Brb\TickBrbTimer\UpdateBrbText.shadow.csproj", "{B8221258-D5B0-47A4-B824-F1BD60885581}"
EndProject
Project("{2150E333-8FDC-42A3-9474-1A3956D46DE8}") = "Ftp", "Ftp", "{CBED550D-CF65-305A-6C1B-5048ED7994BD}"
EndProject
Project("{2150E333-8FDC-42A3-9474-1A3956D46DE8}") = "Obs", "Obs", "{8D810627-A907-6833-E395-11403686D9FC}"
EndProject
Project("{2150E333-8FDC-42A3-9474-1A3956D46DE8}") = "ManageAudioDevices", "ManageAudioDevices", "{AEBCAB8A-933E-48DD-F2AE-EC96DA056289}"
EndProject
Project("{2150E333-8FDC-42A3-9474-1A3956D46DE8}") = "Mute11And12Channels", "Mute11And12Channels", "{08987828-A205-A47F-2B09-5A99AC665F6E}"
EndProject
Project("{FAE04EC0-301F-11D3-BF4B-00C04F79EFBC}") = "Mute11And12Channels.shadow", "SubActions\Ftp\Obs\ManageAudioDevices\Mute11And12Channels\Mute11And12Channels.shadow.csproj", "{19802B48-2F2A-4F1E-BFDF-100053006F17}"
EndProject
Project("{2150E333-8FDC-42A3-9474-1A3956D46DE8}") = "Mute5And6Channels", "Mute5And6Channels", "{7F981827-B4D2-1073-BAEB-9B21C9B50B79}"
EndProject
Project("{FAE04EC0-301F-11D3-BF4B-00C04F79EFBC}") = "Mute5And6Channels.shadow", "SubActions\Ftp\Obs\ManageAudioDevices\Mute5And6Channels\Mute5And6Channels.shadow.csproj", "{D11EE13F-1C2B-4ABB-BB33-C1FCB1990DA9}"
EndProject
Project("{2150E333-8FDC-42A3-9474-1A3956D46DE8}") = "Mute7And8Channels", "Mute7And8Channels", "{054F3A09-9CAA-0CD3-5F82-F10E8A77471E}"
EndProject
Project("{FAE04EC0-301F-11D3-BF4B-00C04F79EFBC}") = "Mute7And8Channels.shadow", "SubActions\Ftp\Obs\ManageAudioDevices\Mute7And8Channels\Mute7And8Channels.shadow.csproj", "{4379B5B1-DABA-45EF-BD8B-AF773A27E63C}"
EndProject
Project("{2150E333-8FDC-42A3-9474-1A3956D46DE8}") = "MuteAuxSend1", "MuteAuxSend1", "{13F888B4-BCEF-8D0E-9671-A5BEDE987EC0}"
EndProject
Project("{FAE04EC0-301F-11D3-BF4B-00C04F79EFBC}") = "MuteAuxSend1.shadow", "SubActions\Ftp\Obs\ManageAudioDevices\MuteAuxSend1\MuteAuxSend1.shadow.csproj", "{73F0B551-EF62-47AF-B236-7BBA46FF3AE5}"
EndProject
Project("{2150E333-8FDC-42A3-9474-1A3956D46DE8}") = "MuteUsbOut", "MuteUsbOut", "{FA347538-150F-0120-4235-0F1B08DBDF0F}"
EndProject
Project("{FAE04EC0-301F-11D3-BF4B-00C04F79EFBC}") = "MuteUsbOut.shadow", "SubActions\Ftp\Obs\ManageAudioDevices\MuteUsbOut\MuteUsbOut.shadow.csproj", "{BA58DA94-7018-4D8C-B032-E44B84190C2E}"
EndProject
Project("{2150E333-8FDC-42A3-9474-1A3956D46DE8}") = "Unmute11And12Channels", "Unmute11And12Channels", "{F6C8A6E0-6EB9-6967-9FE5-184B73C8C3FA}"
EndProject
Project("{FAE04EC0-301F-11D3-BF4B-00C04F79EFBC}") = "Unmute11And12Channels.shadow", "SubActions\Ftp\Obs\ManageAudioDevices\Unmute11And12Channels\Unmute11And12Channels.shadow.csproj", "{DD65D832-8DC0-4091-8C3E-AC663BCC4CC8}"
EndProject
Project("{2150E333-8FDC-42A3-9474-1A3956D46DE8}") = "Unmute5And6Channels", "Unmute5And6Channels", "{3A3DD03C-7B5D-4181-40CE-78A8AD251B6E}"
EndProject
Project("{FAE04EC0-301F-11D3-BF4B-00C04F79EFBC}") = "Unmute5And6Channels.shadow", "SubActions\Ftp\Obs\ManageAudioDevices\Unmute5And6Channels\Unmute5And6Channels.shadow.csproj", "{6BA804DF-5261-4397-979A-8C1440A035FD}"
EndProject
Project("{2150E333-8FDC-42A3-9474-1A3956D46DE8}") = "Unmute7And8Channels", "Unmute7And8Channels", "{9881E4F3-1456-72FB-0E71-25A87DFB681D}"
EndProject
Project("{FAE04EC0-301F-11D3-BF4B-00C04F79EFBC}") = "Unmute7And8Channels.shadow", "SubActions\Ftp\Obs\ManageAudioDevices\Unmute7And8Channels\Unmute7And8Channels.shadow.csproj", "{AB15EAEA-AC0E-4882-8EE9-A8290A83E7BA}"
EndProject
Project("{2150E333-8FDC-42A3-9474-1A3956D46DE8}") = "UnmuteAuxSend1", "UnmuteAuxSend1", "{65E6CB79-8250-618F-54C0-3016F134AD8B}"
EndProject
Project("{FAE04EC0-301F-11D3-BF4B-00C04F79EFBC}") = "UnmuteAuxSend1.shadow", "SubActions\Ftp\Obs\ManageAudioDevices\UnmuteAuxSend1\UnmuteAuxSend1.shadow.csproj", "{A30FD542-BFAF-4B96-8366-8C0E07FEFAB9}"
EndProject
Project("{2150E333-8FDC-42A3-9474-1A3956D46DE8}") = "UnmuteUsbOut", "UnmuteUsbOut", "{15FB33B0-9A4B-618D-93A5-0E53A0D534FF}"
EndProject
Project("{FAE04EC0-301F-11D3-BF4B-00C04F79EFBC}") = "UnmuteUsbOut.shadow", "SubActions\Ftp\Obs\ManageAudioDevices\UnmuteUsbOut\UnmuteUsbOut.shadow.csproj", "{FAAC12B7-11D8-423D-92E0-BB795E6063B5}"
EndProject
Project("{2150E333-8FDC-42A3-9474-1A3956D46DE8}") = "Production", "Production", "{DB29EC84-23F0-A263-000F-DD6A2035672E}"
EndProject
Project("{2150E333-8FDC-42A3-9474-1A3956D46DE8}") = "Obs", "Obs", "{8CD43686-C8B1-2330-A430-2DDA66CDDAE9}"
EndProject
Project("{2150E333-8FDC-42A3-9474-1A3956D46DE8}") = "ManageSourcesRecursively", "ManageSourcesRecursively", "{677B2ED5-21F2-9EF4-86BB-C2D4E97FA1E5}"
EndProject
Project("{2150E333-8FDC-42A3-9474-1A3956D46DE8}") = "HideMetasceneNestedSources", "HideMetasceneNestedSources", "{2285C044-01C0-4A64-3388-49D980032DDE}"
EndProject
Project("{2150E333-8FDC-42A3-9474-1A3956D46DE8}") = "HideNestedFiltersInScene", "HideNestedFiltersInScene", "{353217AA-FF8D-714F-F13B-BC61D082B224}"
EndProject
Project("{FAE04EC0-301F-11D3-BF4B-00C04F79EFBC}") = "HideFiltersRecurse.shadow", "SubActions\Production\Obs\ManageSourcesRecursively\HideNestedFiltersInScene\HideFiltersRecurse.shadow.csproj", "{221F63FA-9374-4639-9F34-5920A0AF57D4}"
EndProject
Project("{2150E333-8FDC-42A3-9474-1A3956D46DE8}") = "ManageUi", "ManageUi", "{30542EFA-E96D-A124-594B-0B00C90B7971}"
EndProject
Project("{2150E333-8FDC-42A3-9474-1A3956D46DE8}") = "SetDocksForCenterMonitor", "SetDocksForCenterMonitor", "{10931B36-64F3-BB9F-3466-A47E8FE683D4}"
EndProject
Project("{FAE04EC0-301F-11D3-BF4B-00C04F79EFBC}") = "SetDocksCenter.shadow", "SubActions\Production\Obs\ManageUi\SetDocksForCenterMonitor\SetDocksCenter.shadow.csproj", "{A987BADD-8860-4F32-9EF0-221673087B1D}"
EndProject
Project("{2150E333-8FDC-42A3-9474-1A3956D46DE8}") = "SetDocksForRightMonitor", "SetDocksForRightMonitor", "{58A90CAD-7E85-7727-97F5-415CD2C3A311}"
EndProject
Project("{FAE04EC0-301F-11D3-BF4B-00C04F79EFBC}") = "SetDocksRight.shadow", "SubActions\Production\Obs\ManageUi\SetDocksForRightMonitor\SetDocksRight.shadow.csproj", "{3361F00E-1DD5-4F7C-97A0-7658A376B348}"
EndProject
Project("{2150E333-8FDC-42A3-9474-1A3956D46DE8}") = "ManageMultipleSources", "ManageMultipleSources", "{435EE360-0AF3-F7BE-8727-E362626C3D11}"
EndProject
Project("{2150E333-8FDC-42A3-9474-1A3956D46DE8}") = "ShowMetasceneScenes", "ShowMetasceneScenes", "{FA42AF56-4953-E11E-6F25-05CC906AE1CE}"
EndProject
Project("{FAE04EC0-301F-11D3-BF4B-00C04F79EFBC}") = "ShowMetasceneSources.shadow", "SubActions\Production\Obs\ManageMultipleSources\ShowMetasceneScenes\ShowMetasceneSources.shadow.csproj", "{93699870-D1C1-4B1B-89FE-D7AE269302EE}"
EndProject
Project("{FAE04EC0-301F-11D3-BF4B-00C04F79EFBC}") = "HideMetasceneSources.shadow", "SubActions\Production\Obs\ManageSourcesRecursively\HideMetasceneNestedSources\HideMetasceneSources.shadow.csproj", "{55958CAF-B7DB-4E3A-8B66-A5535C1374BA}"
EndProject
Project("{FAE04EC0-301F-11D3-BF4B-00C04F79EFBC}") = "StartBrbTimer.shadow", "SubActions\Common\General\Brb\StartBrb\StartBrbTimer.shadow.csproj", "{E32D1242-5368-4C2F-995B-4CD31E33D69A}"
EndProject
Project("{2150E333-8FDC-42A3-9474-1A3956D46DE8}") = "StreamFeepApp", "StreamFeepApp", "{263D2388-7F76-4368-D306-617AA0A257C0}"
EndProject
Project("{2150E333-8FDC-42A3-9474-1A3956D46DE8}") = "ManageFeed", "ManageFeed", "{37941D56-8A94-9252-221E-AA386B1123BD}"
EndProject
Project("{FAE04EC0-301F-11D3-BF4B-00C04F79EFBC}") = "ClearStreamFeed.shadow", "SubActions\Common\StreamFeepApp\ManageFeed\ClearStreamFeed.shadow.csproj", "{C541352A-11F1-4D50-9D6A-6FD099DE324D}"
EndProject
Global
	GlobalSection(SolutionConfigurationPlatforms) = preSolution
		Debug|Any CPU = Debug|Any CPU
		Debug|x64 = Debug|x64
		Debug|x86 = Debug|x86
		Release|Any CPU = Release|Any CPU
		Release|x64 = Release|x64
		Release|x86 = Release|x86
	EndGlobalSection
	GlobalSection(ProjectConfigurationPlatforms) = postSolution
		{AE172120-D117-47EB-835F-F642A36C7DD7}.Debug|Any CPU.ActiveCfg = Debug|Any CPU
		{AE172120-D117-47EB-835F-F642A36C7DD7}.Debug|Any CPU.Build.0 = Debug|Any CPU
		{AE172120-D117-47EB-835F-F642A36C7DD7}.Debug|x64.ActiveCfg = Debug|Any CPU
		{AE172120-D117-47EB-835F-F642A36C7DD7}.Debug|x64.Build.0 = Debug|Any CPU
		{AE172120-D117-47EB-835F-F642A36C7DD7}.Debug|x86.ActiveCfg = Debug|Any CPU
		{AE172120-D117-47EB-835F-F642A36C7DD7}.Debug|x86.Build.0 = Debug|Any CPU
		{AE172120-D117-47EB-835F-F642A36C7DD7}.Release|Any CPU.ActiveCfg = Release|Any CPU
		{AE172120-D117-47EB-835F-F642A36C7DD7}.Release|Any CPU.Build.0 = Release|Any CPU
		{AE172120-D117-47EB-835F-F642A36C7DD7}.Release|x64.ActiveCfg = Release|Any CPU
		{AE172120-D117-47EB-835F-F642A36C7DD7}.Release|x64.Build.0 = Release|Any CPU
		{AE172120-D117-47EB-835F-F642A36C7DD7}.Release|x86.ActiveCfg = Release|Any CPU
		{AE172120-D117-47EB-835F-F642A36C7DD7}.Release|x86.Build.0 = Release|Any CPU
		{20D28580-2EF4-4D23-8E17-276F7DD021A0}.Debug|Any CPU.ActiveCfg = Debug|Any CPU
		{20D28580-2EF4-4D23-8E17-276F7DD021A0}.Debug|Any CPU.Build.0 = Debug|Any CPU
		{20D28580-2EF4-4D23-8E17-276F7DD021A0}.Debug|x64.ActiveCfg = Debug|Any CPU
		{20D28580-2EF4-4D23-8E17-276F7DD021A0}.Debug|x64.Build.0 = Debug|Any CPU
		{20D28580-2EF4-4D23-8E17-276F7DD021A0}.Debug|x86.ActiveCfg = Debug|Any CPU
		{20D28580-2EF4-4D23-8E17-276F7DD021A0}.Debug|x86.Build.0 = Debug|Any CPU
		{20D28580-2EF4-4D23-8E17-276F7DD021A0}.Release|Any CPU.ActiveCfg = Release|Any CPU
		{20D28580-2EF4-4D23-8E17-276F7DD021A0}.Release|Any CPU.Build.0 = Release|Any CPU
		{20D28580-2EF4-4D23-8E17-276F7DD021A0}.Release|x64.ActiveCfg = Release|Any CPU
		{20D28580-2EF4-4D23-8E17-276F7DD021A0}.Release|x64.Build.0 = Release|Any CPU
		{20D28580-2EF4-4D23-8E17-276F7DD021A0}.Release|x86.ActiveCfg = Release|Any CPU
		{20D28580-2EF4-4D23-8E17-276F7DD021A0}.Release|x86.Build.0 = Release|Any CPU
		{C90566A6-6082-4685-B457-25177B0DDF7A}.Debug|Any CPU.ActiveCfg = Debug|Any CPU
		{C90566A6-6082-4685-B457-25177B0DDF7A}.Debug|Any CPU.Build.0 = Debug|Any CPU
		{C90566A6-6082-4685-B457-25177B0DDF7A}.Debug|x64.ActiveCfg = Debug|Any CPU
		{C90566A6-6082-4685-B457-25177B0DDF7A}.Debug|x64.Build.0 = Debug|Any CPU
		{C90566A6-6082-4685-B457-25177B0DDF7A}.Debug|x86.ActiveCfg = Debug|Any CPU
		{C90566A6-6082-4685-B457-25177B0DDF7A}.Debug|x86.Build.0 = Debug|Any CPU
		{C90566A6-6082-4685-B457-25177B0DDF7A}.Release|Any CPU.ActiveCfg = Release|Any CPU
		{C90566A6-6082-4685-B457-25177B0DDF7A}.Release|Any CPU.Build.0 = Release|Any CPU
		{C90566A6-6082-4685-B457-25177B0DDF7A}.Release|x64.ActiveCfg = Release|Any CPU
		{C90566A6-6082-4685-B457-25177B0DDF7A}.Release|x64.Build.0 = Release|Any CPU
		{C90566A6-6082-4685-B457-25177B0DDF7A}.Release|x86.ActiveCfg = Release|Any CPU
		{C90566A6-6082-4685-B457-25177B0DDF7A}.Release|x86.Build.0 = Release|Any CPU
		{9235E463-6673-4AE5-8CCF-27108C822BF0}.Debug|Any CPU.ActiveCfg = Debug|Any CPU
		{9235E463-6673-4AE5-8CCF-27108C822BF0}.Debug|Any CPU.Build.0 = Debug|Any CPU
		{9235E463-6673-4AE5-8CCF-27108C822BF0}.Debug|x64.ActiveCfg = Debug|Any CPU
		{9235E463-6673-4AE5-8CCF-27108C822BF0}.Debug|x64.Build.0 = Debug|Any CPU
		{9235E463-6673-4AE5-8CCF-27108C822BF0}.Debug|x86.ActiveCfg = Debug|Any CPU
		{9235E463-6673-4AE5-8CCF-27108C822BF0}.Debug|x86.Build.0 = Debug|Any CPU
		{9235E463-6673-4AE5-8CCF-27108C822BF0}.Release|Any CPU.ActiveCfg = Release|Any CPU
		{9235E463-6673-4AE5-8CCF-27108C822BF0}.Release|Any CPU.Build.0 = Release|Any CPU
		{9235E463-6673-4AE5-8CCF-27108C822BF0}.Release|x64.ActiveCfg = Release|Any CPU
		{9235E463-6673-4AE5-8CCF-27108C822BF0}.Release|x64.Build.0 = Release|Any CPU
		{9235E463-6673-4AE5-8CCF-27108C822BF0}.Release|x86.ActiveCfg = Release|Any CPU
		{9235E463-6673-4AE5-8CCF-27108C822BF0}.Release|x86.Build.0 = Release|Any CPU
		{4B5E715A-4B65-4714-BE0E-D3D3E614C23E}.Debug|Any CPU.ActiveCfg = Debug|Any CPU
		{4B5E715A-4B65-4714-BE0E-D3D3E614C23E}.Debug|Any CPU.Build.0 = Debug|Any CPU
		{4B5E715A-4B65-4714-BE0E-D3D3E614C23E}.Debug|x64.ActiveCfg = Debug|Any CPU
		{4B5E715A-4B65-4714-BE0E-D3D3E614C23E}.Debug|x64.Build.0 = Debug|Any CPU
		{4B5E715A-4B65-4714-BE0E-D3D3E614C23E}.Debug|x86.ActiveCfg = Debug|Any CPU
		{4B5E715A-4B65-4714-BE0E-D3D3E614C23E}.Debug|x86.Build.0 = Debug|Any CPU
		{4B5E715A-4B65-4714-BE0E-D3D3E614C23E}.Release|Any CPU.ActiveCfg = Release|Any CPU
		{4B5E715A-4B65-4714-BE0E-D3D3E614C23E}.Release|Any CPU.Build.0 = Release|Any CPU
		{4B5E715A-4B65-4714-BE0E-D3D3E614C23E}.Release|x64.ActiveCfg = Release|Any CPU
		{4B5E715A-4B65-4714-BE0E-D3D3E614C23E}.Release|x64.Build.0 = Release|Any CPU
		{4B5E715A-4B65-4714-BE0E-D3D3E614C23E}.Release|x86.ActiveCfg = Release|Any CPU
		{4B5E715A-4B65-4714-BE0E-D3D3E614C23E}.Release|x86.Build.0 = Release|Any CPU
		{4A81B8C5-5C5F-40FF-9323-385C8EF51A8B}.Debug|Any CPU.ActiveCfg = Debug|Any CPU
		{4A81B8C5-5C5F-40FF-9323-385C8EF51A8B}.Debug|Any CPU.Build.0 = Debug|Any CPU
		{4A81B8C5-5C5F-40FF-9323-385C8EF51A8B}.Debug|x64.ActiveCfg = Debug|Any CPU
		{4A81B8C5-5C5F-40FF-9323-385C8EF51A8B}.Debug|x64.Build.0 = Debug|Any CPU
		{4A81B8C5-5C5F-40FF-9323-385C8EF51A8B}.Debug|x86.ActiveCfg = Debug|Any CPU
		{4A81B8C5-5C5F-40FF-9323-385C8EF51A8B}.Debug|x86.Build.0 = Debug|Any CPU
		{4A81B8C5-5C5F-40FF-9323-385C8EF51A8B}.Release|Any CPU.ActiveCfg = Release|Any CPU
		{4A81B8C5-5C5F-40FF-9323-385C8EF51A8B}.Release|Any CPU.Build.0 = Release|Any CPU
		{4A81B8C5-5C5F-40FF-9323-385C8EF51A8B}.Release|x64.ActiveCfg = Release|Any CPU
		{4A81B8C5-5C5F-40FF-9323-385C8EF51A8B}.Release|x64.Build.0 = Release|Any CPU
		{4A81B8C5-5C5F-40FF-9323-385C8EF51A8B}.Release|x86.ActiveCfg = Release|Any CPU
		{4A81B8C5-5C5F-40FF-9323-385C8EF51A8B}.Release|x86.Build.0 = Release|Any CPU
		{B8221258-D5B0-47A4-B824-F1BD60885581}.Debug|Any CPU.ActiveCfg = Debug|Any CPU
		{B8221258-D5B0-47A4-B824-F1BD60885581}.Debug|Any CPU.Build.0 = Debug|Any CPU
		{B8221258-D5B0-47A4-B824-F1BD60885581}.Debug|x64.ActiveCfg = Debug|Any CPU
		{B8221258-D5B0-47A4-B824-F1BD60885581}.Debug|x64.Build.0 = Debug|Any CPU
		{B8221258-D5B0-47A4-B824-F1BD60885581}.Debug|x86.ActiveCfg = Debug|Any CPU
		{B8221258-D5B0-47A4-B824-F1BD60885581}.Debug|x86.Build.0 = Debug|Any CPU
		{B8221258-D5B0-47A4-B824-F1BD60885581}.Release|Any CPU.ActiveCfg = Release|Any CPU
		{B8221258-D5B0-47A4-B824-F1BD60885581}.Release|Any CPU.Build.0 = Release|Any CPU
		{B8221258-D5B0-47A4-B824-F1BD60885581}.Release|x64.ActiveCfg = Release|Any CPU
		{B8221258-D5B0-47A4-B824-F1BD60885581}.Release|x64.Build.0 = Release|Any CPU
		{B8221258-D5B0-47A4-B824-F1BD60885581}.Release|x86.ActiveCfg = Release|Any CPU
		{B8221258-D5B0-47A4-B824-F1BD60885581}.Release|x86.Build.0 = Release|Any CPU
		{19802B48-2F2A-4F1E-BFDF-100053006F17}.Debug|Any CPU.ActiveCfg = Debug|Any CPU
		{19802B48-2F2A-4F1E-BFDF-100053006F17}.Debug|Any CPU.Build.0 = Debug|Any CPU
		{19802B48-2F2A-4F1E-BFDF-100053006F17}.Debug|x64.ActiveCfg = Debug|Any CPU
		{19802B48-2F2A-4F1E-BFDF-100053006F17}.Debug|x64.Build.0 = Debug|Any CPU
		{19802B48-2F2A-4F1E-BFDF-100053006F17}.Debug|x86.ActiveCfg = Debug|Any CPU
		{19802B48-2F2A-4F1E-BFDF-100053006F17}.Debug|x86.Build.0 = Debug|Any CPU
		{19802B48-2F2A-4F1E-BFDF-100053006F17}.Release|Any CPU.ActiveCfg = Release|Any CPU
		{19802B48-2F2A-4F1E-BFDF-100053006F17}.Release|Any CPU.Build.0 = Release|Any CPU
		{19802B48-2F2A-4F1E-BFDF-100053006F17}.Release|x64.ActiveCfg = Release|Any CPU
		{19802B48-2F2A-4F1E-BFDF-100053006F17}.Release|x64.Build.0 = Release|Any CPU
		{19802B48-2F2A-4F1E-BFDF-100053006F17}.Release|x86.ActiveCfg = Release|Any CPU
		{19802B48-2F2A-4F1E-BFDF-100053006F17}.Release|x86.Build.0 = Release|Any CPU
		{D11EE13F-1C2B-4ABB-BB33-C1FCB1990DA9}.Debug|Any CPU.ActiveCfg = Debug|Any CPU
		{D11EE13F-1C2B-4ABB-BB33-C1FCB1990DA9}.Debug|Any CPU.Build.0 = Debug|Any CPU
		{D11EE13F-1C2B-4ABB-BB33-C1FCB1990DA9}.Debug|x64.ActiveCfg = Debug|Any CPU
		{D11EE13F-1C2B-4ABB-BB33-C1FCB1990DA9}.Debug|x64.Build.0 = Debug|Any CPU
		{D11EE13F-1C2B-4ABB-BB33-C1FCB1990DA9}.Debug|x86.ActiveCfg = Debug|Any CPU
		{D11EE13F-1C2B-4ABB-BB33-C1FCB1990DA9}.Debug|x86.Build.0 = Debug|Any CPU
		{D11EE13F-1C2B-4ABB-BB33-C1FCB1990DA9}.Release|Any CPU.ActiveCfg = Release|Any CPU
		{D11EE13F-1C2B-4ABB-BB33-C1FCB1990DA9}.Release|Any CPU.Build.0 = Release|Any CPU
		{D11EE13F-1C2B-4ABB-BB33-C1FCB1990DA9}.Release|x64.ActiveCfg = Release|Any CPU
		{D11EE13F-1C2B-4ABB-BB33-C1FCB1990DA9}.Release|x64.Build.0 = Release|Any CPU
		{D11EE13F-1C2B-4ABB-BB33-C1FCB1990DA9}.Release|x86.ActiveCfg = Release|Any CPU
		{D11EE13F-1C2B-4ABB-BB33-C1FCB1990DA9}.Release|x86.Build.0 = Release|Any CPU
		{4379B5B1-DABA-45EF-BD8B-AF773A27E63C}.Debug|Any CPU.ActiveCfg = Debug|Any CPU
		{4379B5B1-DABA-45EF-BD8B-AF773A27E63C}.Debug|Any CPU.Build.0 = Debug|Any CPU
		{4379B5B1-DABA-45EF-BD8B-AF773A27E63C}.Debug|x64.ActiveCfg = Debug|Any CPU
		{4379B5B1-DABA-45EF-BD8B-AF773A27E63C}.Debug|x64.Build.0 = Debug|Any CPU
		{4379B5B1-DABA-45EF-BD8B-AF773A27E63C}.Debug|x86.ActiveCfg = Debug|Any CPU
		{4379B5B1-DABA-45EF-BD8B-AF773A27E63C}.Debug|x86.Build.0 = Debug|Any CPU
		{4379B5B1-DABA-45EF-BD8B-AF773A27E63C}.Release|Any CPU.ActiveCfg = Release|Any CPU
		{4379B5B1-DABA-45EF-BD8B-AF773A27E63C}.Release|Any CPU.Build.0 = Release|Any CPU
		{4379B5B1-DABA-45EF-BD8B-AF773A27E63C}.Release|x64.ActiveCfg = Release|Any CPU
		{4379B5B1-DABA-45EF-BD8B-AF773A27E63C}.Release|x64.Build.0 = Release|Any CPU
		{4379B5B1-DABA-45EF-BD8B-AF773A27E63C}.Release|x86.ActiveCfg = Release|Any CPU
		{4379B5B1-DABA-45EF-BD8B-AF773A27E63C}.Release|x86.Build.0 = Release|Any CPU
		{73F0B551-EF62-47AF-B236-7BBA46FF3AE5}.Debug|Any CPU.ActiveCfg = Debug|Any CPU
		{73F0B551-EF62-47AF-B236-7BBA46FF3AE5}.Debug|Any CPU.Build.0 = Debug|Any CPU
		{73F0B551-EF62-47AF-B236-7BBA46FF3AE5}.Debug|x64.ActiveCfg = Debug|Any CPU
		{73F0B551-EF62-47AF-B236-7BBA46FF3AE5}.Debug|x64.Build.0 = Debug|Any CPU
		{73F0B551-EF62-47AF-B236-7BBA46FF3AE5}.Debug|x86.ActiveCfg = Debug|Any CPU
		{73F0B551-EF62-47AF-B236-7BBA46FF3AE5}.Debug|x86.Build.0 = Debug|Any CPU
		{73F0B551-EF62-47AF-B236-7BBA46FF3AE5}.Release|Any CPU.ActiveCfg = Release|Any CPU
		{73F0B551-EF62-47AF-B236-7BBA46FF3AE5}.Release|Any CPU.Build.0 = Release|Any CPU
		{73F0B551-EF62-47AF-B236-7BBA46FF3AE5}.Release|x64.ActiveCfg = Release|Any CPU
		{73F0B551-EF62-47AF-B236-7BBA46FF3AE5}.Release|x64.Build.0 = Release|Any CPU
		{73F0B551-EF62-47AF-B236-7BBA46FF3AE5}.Release|x86.ActiveCfg = Release|Any CPU
		{73F0B551-EF62-47AF-B236-7BBA46FF3AE5}.Release|x86.Build.0 = Release|Any CPU
		{BA58DA94-7018-4D8C-B032-E44B84190C2E}.Debug|Any CPU.ActiveCfg = Debug|Any CPU
		{BA58DA94-7018-4D8C-B032-E44B84190C2E}.Debug|Any CPU.Build.0 = Debug|Any CPU
		{BA58DA94-7018-4D8C-B032-E44B84190C2E}.Debug|x64.ActiveCfg = Debug|Any CPU
		{BA58DA94-7018-4D8C-B032-E44B84190C2E}.Debug|x64.Build.0 = Debug|Any CPU
		{BA58DA94-7018-4D8C-B032-E44B84190C2E}.Debug|x86.ActiveCfg = Debug|Any CPU
		{BA58DA94-7018-4D8C-B032-E44B84190C2E}.Debug|x86.Build.0 = Debug|Any CPU
		{BA58DA94-7018-4D8C-B032-E44B84190C2E}.Release|Any CPU.ActiveCfg = Release|Any CPU
		{BA58DA94-7018-4D8C-B032-E44B84190C2E}.Release|Any CPU.Build.0 = Release|Any CPU
		{BA58DA94-7018-4D8C-B032-E44B84190C2E}.Release|x64.ActiveCfg = Release|Any CPU
		{BA58DA94-7018-4D8C-B032-E44B84190C2E}.Release|x64.Build.0 = Release|Any CPU
		{BA58DA94-7018-4D8C-B032-E44B84190C2E}.Release|x86.ActiveCfg = Release|Any CPU
		{BA58DA94-7018-4D8C-B032-E44B84190C2E}.Release|x86.Build.0 = Release|Any CPU
		{DD65D832-8DC0-4091-8C3E-AC663BCC4CC8}.Debug|Any CPU.ActiveCfg = Debug|Any CPU
		{DD65D832-8DC0-4091-8C3E-AC663BCC4CC8}.Debug|Any CPU.Build.0 = Debug|Any CPU
		{DD65D832-8DC0-4091-8C3E-AC663BCC4CC8}.Debug|x64.ActiveCfg = Debug|Any CPU
		{DD65D832-8DC0-4091-8C3E-AC663BCC4CC8}.Debug|x64.Build.0 = Debug|Any CPU
		{DD65D832-8DC0-4091-8C3E-AC663BCC4CC8}.Debug|x86.ActiveCfg = Debug|Any CPU
		{DD65D832-8DC0-4091-8C3E-AC663BCC4CC8}.Debug|x86.Build.0 = Debug|Any CPU
		{DD65D832-8DC0-4091-8C3E-AC663BCC4CC8}.Release|Any CPU.ActiveCfg = Release|Any CPU
		{DD65D832-8DC0-4091-8C3E-AC663BCC4CC8}.Release|Any CPU.Build.0 = Release|Any CPU
		{DD65D832-8DC0-4091-8C3E-AC663BCC4CC8}.Release|x64.ActiveCfg = Release|Any CPU
		{DD65D832-8DC0-4091-8C3E-AC663BCC4CC8}.Release|x64.Build.0 = Release|Any CPU
		{DD65D832-8DC0-4091-8C3E-AC663BCC4CC8}.Release|x86.ActiveCfg = Release|Any CPU
		{DD65D832-8DC0-4091-8C3E-AC663BCC4CC8}.Release|x86.Build.0 = Release|Any CPU
		{6BA804DF-5261-4397-979A-8C1440A035FD}.Debug|Any CPU.ActiveCfg = Debug|Any CPU
		{6BA804DF-5261-4397-979A-8C1440A035FD}.Debug|Any CPU.Build.0 = Debug|Any CPU
		{6BA804DF-5261-4397-979A-8C1440A035FD}.Debug|x64.ActiveCfg = Debug|Any CPU
		{6BA804DF-5261-4397-979A-8C1440A035FD}.Debug|x64.Build.0 = Debug|Any CPU
		{6BA804DF-5261-4397-979A-8C1440A035FD}.Debug|x86.ActiveCfg = Debug|Any CPU
		{6BA804DF-5261-4397-979A-8C1440A035FD}.Debug|x86.Build.0 = Debug|Any CPU
		{6BA804DF-5261-4397-979A-8C1440A035FD}.Release|Any CPU.ActiveCfg = Release|Any CPU
		{6BA804DF-5261-4397-979A-8C1440A035FD}.Release|Any CPU.Build.0 = Release|Any CPU
		{6BA804DF-5261-4397-979A-8C1440A035FD}.Release|x64.ActiveCfg = Release|Any CPU
		{6BA804DF-5261-4397-979A-8C1440A035FD}.Release|x64.Build.0 = Release|Any CPU
		{6BA804DF-5261-4397-979A-8C1440A035FD}.Release|x86.ActiveCfg = Release|Any CPU
		{6BA804DF-5261-4397-979A-8C1440A035FD}.Release|x86.Build.0 = Release|Any CPU
		{AB15EAEA-AC0E-4882-8EE9-A8290A83E7BA}.Debug|Any CPU.ActiveCfg = Debug|Any CPU
		{AB15EAEA-AC0E-4882-8EE9-A8290A83E7BA}.Debug|Any CPU.Build.0 = Debug|Any CPU
		{AB15EAEA-AC0E-4882-8EE9-A8290A83E7BA}.Debug|x64.ActiveCfg = Debug|Any CPU
		{AB15EAEA-AC0E-4882-8EE9-A8290A83E7BA}.Debug|x64.Build.0 = Debug|Any CPU
		{AB15EAEA-AC0E-4882-8EE9-A8290A83E7BA}.Debug|x86.ActiveCfg = Debug|Any CPU
		{AB15EAEA-AC0E-4882-8EE9-A8290A83E7BA}.Debug|x86.Build.0 = Debug|Any CPU
		{AB15EAEA-AC0E-4882-8EE9-A8290A83E7BA}.Release|Any CPU.ActiveCfg = Release|Any CPU
		{AB15EAEA-AC0E-4882-8EE9-A8290A83E7BA}.Release|Any CPU.Build.0 = Release|Any CPU
		{AB15EAEA-AC0E-4882-8EE9-A8290A83E7BA}.Release|x64.ActiveCfg = Release|Any CPU
		{AB15EAEA-AC0E-4882-8EE9-A8290A83E7BA}.Release|x64.Build.0 = Release|Any CPU
		{AB15EAEA-AC0E-4882-8EE9-A8290A83E7BA}.Release|x86.ActiveCfg = Release|Any CPU
		{AB15EAEA-AC0E-4882-8EE9-A8290A83E7BA}.Release|x86.Build.0 = Release|Any CPU
		{A30FD542-BFAF-4B96-8366-8C0E07FEFAB9}.Debug|Any CPU.ActiveCfg = Debug|Any CPU
		{A30FD542-BFAF-4B96-8366-8C0E07FEFAB9}.Debug|Any CPU.Build.0 = Debug|Any CPU
		{A30FD542-BFAF-4B96-8366-8C0E07FEFAB9}.Debug|x64.ActiveCfg = Debug|Any CPU
		{A30FD542-BFAF-4B96-8366-8C0E07FEFAB9}.Debug|x64.Build.0 = Debug|Any CPU
		{A30FD542-BFAF-4B96-8366-8C0E07FEFAB9}.Debug|x86.ActiveCfg = Debug|Any CPU
		{A30FD542-BFAF-4B96-8366-8C0E07FEFAB9}.Debug|x86.Build.0 = Debug|Any CPU
		{A30FD542-BFAF-4B96-8366-8C0E07FEFAB9}.Release|Any CPU.ActiveCfg = Release|Any CPU
		{A30FD542-BFAF-4B96-8366-8C0E07FEFAB9}.Release|Any CPU.Build.0 = Release|Any CPU
		{A30FD542-BFAF-4B96-8366-8C0E07FEFAB9}.Release|x64.ActiveCfg = Release|Any CPU
		{A30FD542-BFAF-4B96-8366-8C0E07FEFAB9}.Release|x64.Build.0 = Release|Any CPU
		{A30FD542-BFAF-4B96-8366-8C0E07FEFAB9}.Release|x86.ActiveCfg = Release|Any CPU
		{A30FD542-BFAF-4B96-8366-8C0E07FEFAB9}.Release|x86.Build.0 = Release|Any CPU
		{FAAC12B7-11D8-423D-92E0-BB795E6063B5}.Debug|Any CPU.ActiveCfg = Debug|Any CPU
		{FAAC12B7-11D8-423D-92E0-BB795E6063B5}.Debug|Any CPU.Build.0 = Debug|Any CPU
		{FAAC12B7-11D8-423D-92E0-BB795E6063B5}.Debug|x64.ActiveCfg = Debug|Any CPU
		{FAAC12B7-11D8-423D-92E0-BB795E6063B5}.Debug|x64.Build.0 = Debug|Any CPU
		{FAAC12B7-11D8-423D-92E0-BB795E6063B5}.Debug|x86.ActiveCfg = Debug|Any CPU
		{FAAC12B7-11D8-423D-92E0-BB795E6063B5}.Debug|x86.Build.0 = Debug|Any CPU
		{FAAC12B7-11D8-423D-92E0-BB795E6063B5}.Release|Any CPU.ActiveCfg = Release|Any CPU
		{FAAC12B7-11D8-423D-92E0-BB795E6063B5}.Release|Any CPU.Build.0 = Release|Any CPU
		{FAAC12B7-11D8-423D-92E0-BB795E6063B5}.Release|x64.ActiveCfg = Release|Any CPU
		{FAAC12B7-11D8-423D-92E0-BB795E6063B5}.Release|x64.Build.0 = Release|Any CPU
		{FAAC12B7-11D8-423D-92E0-BB795E6063B5}.Release|x86.ActiveCfg = Release|Any CPU
		{FAAC12B7-11D8-423D-92E0-BB795E6063B5}.Release|x86.Build.0 = Release|Any CPU
		{221F63FA-9374-4639-9F34-5920A0AF57D4}.Debug|Any CPU.ActiveCfg = Debug|Any CPU
		{221F63FA-9374-4639-9F34-5920A0AF57D4}.Debug|Any CPU.Build.0 = Debug|Any CPU
		{221F63FA-9374-4639-9F34-5920A0AF57D4}.Debug|x64.ActiveCfg = Debug|Any CPU
		{221F63FA-9374-4639-9F34-5920A0AF57D4}.Debug|x64.Build.0 = Debug|Any CPU
		{221F63FA-9374-4639-9F34-5920A0AF57D4}.Debug|x86.ActiveCfg = Debug|Any CPU
		{221F63FA-9374-4639-9F34-5920A0AF57D4}.Debug|x86.Build.0 = Debug|Any CPU
		{221F63FA-9374-4639-9F34-5920A0AF57D4}.Release|Any CPU.ActiveCfg = Release|Any CPU
		{221F63FA-9374-4639-9F34-5920A0AF57D4}.Release|Any CPU.Build.0 = Release|Any CPU
		{221F63FA-9374-4639-9F34-5920A0AF57D4}.Release|x64.ActiveCfg = Release|Any CPU
		{221F63FA-9374-4639-9F34-5920A0AF57D4}.Release|x64.Build.0 = Release|Any CPU
		{221F63FA-9374-4639-9F34-5920A0AF57D4}.Release|x86.ActiveCfg = Release|Any CPU
		{221F63FA-9374-4639-9F34-5920A0AF57D4}.Release|x86.Build.0 = Release|Any CPU
		{A987BADD-8860-4F32-9EF0-221673087B1D}.Debug|Any CPU.ActiveCfg = Debug|Any CPU
		{A987BADD-8860-4F32-9EF0-221673087B1D}.Debug|Any CPU.Build.0 = Debug|Any CPU
		{A987BADD-8860-4F32-9EF0-221673087B1D}.Debug|x64.ActiveCfg = Debug|Any CPU
		{A987BADD-8860-4F32-9EF0-221673087B1D}.Debug|x64.Build.0 = Debug|Any CPU
		{A987BADD-8860-4F32-9EF0-221673087B1D}.Debug|x86.ActiveCfg = Debug|Any CPU
		{A987BADD-8860-4F32-9EF0-221673087B1D}.Debug|x86.Build.0 = Debug|Any CPU
		{A987BADD-8860-4F32-9EF0-221673087B1D}.Release|Any CPU.ActiveCfg = Release|Any CPU
		{A987BADD-8860-4F32-9EF0-221673087B1D}.Release|Any CPU.Build.0 = Release|Any CPU
		{A987BADD-8860-4F32-9EF0-221673087B1D}.Release|x64.ActiveCfg = Release|Any CPU
		{A987BADD-8860-4F32-9EF0-221673087B1D}.Release|x64.Build.0 = Release|Any CPU
		{A987BADD-8860-4F32-9EF0-221673087B1D}.Release|x86.ActiveCfg = Release|Any CPU
		{A987BADD-8860-4F32-9EF0-221673087B1D}.Release|x86.Build.0 = Release|Any CPU
		{3361F00E-1DD5-4F7C-97A0-7658A376B348}.Debug|Any CPU.ActiveCfg = Debug|Any CPU
		{3361F00E-1DD5-4F7C-97A0-7658A376B348}.Debug|Any CPU.Build.0 = Debug|Any CPU
		{3361F00E-1DD5-4F7C-97A0-7658A376B348}.Debug|x64.ActiveCfg = Debug|Any CPU
		{3361F00E-1DD5-4F7C-97A0-7658A376B348}.Debug|x64.Build.0 = Debug|Any CPU
		{3361F00E-1DD5-4F7C-97A0-7658A376B348}.Debug|x86.ActiveCfg = Debug|Any CPU
		{3361F00E-1DD5-4F7C-97A0-7658A376B348}.Debug|x86.Build.0 = Debug|Any CPU
		{3361F00E-1DD5-4F7C-97A0-7658A376B348}.Release|Any CPU.ActiveCfg = Release|Any CPU
		{3361F00E-1DD5-4F7C-97A0-7658A376B348}.Release|Any CPU.Build.0 = Release|Any CPU
		{3361F00E-1DD5-4F7C-97A0-7658A376B348}.Release|x64.ActiveCfg = Release|Any CPU
		{3361F00E-1DD5-4F7C-97A0-7658A376B348}.Release|x64.Build.0 = Release|Any CPU
		{3361F00E-1DD5-4F7C-97A0-7658A376B348}.Release|x86.ActiveCfg = Release|Any CPU
		{3361F00E-1DD5-4F7C-97A0-7658A376B348}.Release|x86.Build.0 = Release|Any CPU
		{93699870-D1C1-4B1B-89FE-D7AE269302EE}.Debug|Any CPU.ActiveCfg = Debug|Any CPU
		{93699870-D1C1-4B1B-89FE-D7AE269302EE}.Debug|Any CPU.Build.0 = Debug|Any CPU
		{93699870-D1C1-4B1B-89FE-D7AE269302EE}.Debug|x64.ActiveCfg = Debug|Any CPU
		{93699870-D1C1-4B1B-89FE-D7AE269302EE}.Debug|x64.Build.0 = Debug|Any CPU
		{93699870-D1C1-4B1B-89FE-D7AE269302EE}.Debug|x86.ActiveCfg = Debug|Any CPU
		{93699870-D1C1-4B1B-89FE-D7AE269302EE}.Debug|x86.Build.0 = Debug|Any CPU
		{93699870-D1C1-4B1B-89FE-D7AE269302EE}.Release|Any CPU.ActiveCfg = Release|Any CPU
		{93699870-D1C1-4B1B-89FE-D7AE269302EE}.Release|Any CPU.Build.0 = Release|Any CPU
		{93699870-D1C1-4B1B-89FE-D7AE269302EE}.Release|x64.ActiveCfg = Release|Any CPU
		{93699870-D1C1-4B1B-89FE-D7AE269302EE}.Release|x64.Build.0 = Release|Any CPU
		{93699870-D1C1-4B1B-89FE-D7AE269302EE}.Release|x86.ActiveCfg = Release|Any CPU
		{93699870-D1C1-4B1B-89FE-D7AE269302EE}.Release|x86.Build.0 = Release|Any CPU
		{55958CAF-B7DB-4E3A-8B66-A5535C1374BA}.Debug|Any CPU.ActiveCfg = Debug|Any CPU
		{55958CAF-B7DB-4E3A-8B66-A5535C1374BA}.Debug|Any CPU.Build.0 = Debug|Any CPU
		{55958CAF-B7DB-4E3A-8B66-A5535C1374BA}.Debug|x64.ActiveCfg = Debug|Any CPU
		{55958CAF-B7DB-4E3A-8B66-A5535C1374BA}.Debug|x64.Build.0 = Debug|Any CPU
		{55958CAF-B7DB-4E3A-8B66-A5535C1374BA}.Debug|x86.ActiveCfg = Debug|Any CPU
		{55958CAF-B7DB-4E3A-8B66-A5535C1374BA}.Debug|x86.Build.0 = Debug|Any CPU
		{55958CAF-B7DB-4E3A-8B66-A5535C1374BA}.Release|Any CPU.ActiveCfg = Release|Any CPU
		{55958CAF-B7DB-4E3A-8B66-A5535C1374BA}.Release|Any CPU.Build.0 = Release|Any CPU
		{55958CAF-B7DB-4E3A-8B66-A5535C1374BA}.Release|x64.ActiveCfg = Release|Any CPU
		{55958CAF-B7DB-4E3A-8B66-A5535C1374BA}.Release|x64.Build.0 = Release|Any CPU
		{55958CAF-B7DB-4E3A-8B66-A5535C1374BA}.Release|x86.ActiveCfg = Release|Any CPU
		{55958CAF-B7DB-4E3A-8B66-A5535C1374BA}.Release|x86.Build.0 = Release|Any CPU
		{E32D1242-5368-4C2F-995B-4CD31E33D69A}.Debug|Any CPU.ActiveCfg = Debug|Any CPU
		{E32D1242-5368-4C2F-995B-4CD31E33D69A}.Debug|Any CPU.Build.0 = Debug|Any CPU
		{E32D1242-5368-4C2F-995B-4CD31E33D69A}.Debug|x64.ActiveCfg = Debug|Any CPU
		{E32D1242-5368-4C2F-995B-4CD31E33D69A}.Debug|x64.Build.0 = Debug|Any CPU
		{E32D1242-5368-4C2F-995B-4CD31E33D69A}.Debug|x86.ActiveCfg = Debug|Any CPU
		{E32D1242-5368-4C2F-995B-4CD31E33D69A}.Debug|x86.Build.0 = Debug|Any CPU
		{E32D1242-5368-4C2F-995B-4CD31E33D69A}.Release|Any CPU.ActiveCfg = Release|Any CPU
		{E32D1242-5368-4C2F-995B-4CD31E33D69A}.Release|Any CPU.Build.0 = Release|Any CPU
		{E32D1242-5368-4C2F-995B-4CD31E33D69A}.Release|x64.ActiveCfg = Release|Any CPU
		{E32D1242-5368-4C2F-995B-4CD31E33D69A}.Release|x64.Build.0 = Release|Any CPU
		{E32D1242-5368-4C2F-995B-4CD31E33D69A}.Release|x86.ActiveCfg = Release|Any CPU
		{E32D1242-5368-4C2F-995B-4CD31E33D69A}.Release|x86.Build.0 = Release|Any CPU
		{C541352A-11F1-4D50-9D6A-6FD099DE324D}.Debug|Any CPU.ActiveCfg = Debug|Any CPU
		{C541352A-11F1-4D50-9D6A-6FD099DE324D}.Debug|Any CPU.Build.0 = Debug|Any CPU
		{C541352A-11F1-4D50-9D6A-6FD099DE324D}.Debug|x64.ActiveCfg = Debug|Any CPU
		{C541352A-11F1-4D50-9D6A-6FD099DE324D}.Debug|x64.Build.0 = Debug|Any CPU
		{C541352A-11F1-4D50-9D6A-6FD099DE324D}.Debug|x86.ActiveCfg = Debug|Any CPU
		{C541352A-11F1-4D50-9D6A-6FD099DE324D}.Debug|x86.Build.0 = Debug|Any CPU
		{C541352A-11F1-4D50-9D6A-6FD099DE324D}.Release|Any CPU.ActiveCfg = Release|Any CPU
		{C541352A-11F1-4D50-9D6A-6FD099DE324D}.Release|Any CPU.Build.0 = Release|Any CPU
		{C541352A-11F1-4D50-9D6A-6FD099DE324D}.Release|x64.ActiveCfg = Release|Any CPU
		{C541352A-11F1-4D50-9D6A-6FD099DE324D}.Release|x64.Build.0 = Release|Any CPU
		{C541352A-11F1-4D50-9D6A-6FD099DE324D}.Release|x86.ActiveCfg = Release|Any CPU
		{C541352A-11F1-4D50-9D6A-6FD099DE324D}.Release|x86.Build.0 = Release|Any CPU
	EndGlobalSection
	GlobalSection(SolutionProperties) = preSolution
		HideSolutionNode = FALSE
	EndGlobalSection
	GlobalSection(NestedProjects) = preSolution
		{AE172120-D117-47EB-835F-F642A36C7DD7} = {A95BA376-B21A-74C0-40F1-EB19CFA13FFF}
		{20D28580-2EF4-4D23-8E17-276F7DD021A0} = {5859B3E3-704B-AA76-6FF4-C8AD9A26BE2B}
		{9B1055B9-CFA6-8AE7-DCDE-1878E3F42320} = {41B874FF-664E-CB6B-BE46-5C54BB72026C}
		{AD9DEE37-C5DA-7D6E-7BA6-B3393648365D} = {9B1055B9-CFA6-8AE7-DCDE-1878E3F42320}
		{6BAF68F6-F52C-DDDB-D644-17161BDD9330} = {AD9DEE37-C5DA-7D6E-7BA6-B3393648365D}
		{B02865D0-342F-3ECA-8F46-9F9E5B04C82B} = {6BAF68F6-F52C-DDDB-D644-17161BDD9330}
		{C90566A6-6082-4685-B457-25177B0DDF7A} = {B02865D0-342F-3ECA-8F46-9F9E5B04C82B}
		{6BBEC536-1C8C-B58B-8894-8562DCE7A3C6} = {6BAF68F6-F52C-DDDB-D644-17161BDD9330}
		{9235E463-6673-4AE5-8CCF-27108C822BF0} = {6BBEC536-1C8C-B58B-8894-8562DCE7A3C6}
		{74269119-B55E-BBED-0F9A-523FA206DBBB} = {6BAF68F6-F52C-DDDB-D644-17161BDD9330}
		{4B5E715A-4B65-4714-BE0E-D3D3E614C23E} = {74269119-B55E-BBED-0F9A-523FA206DBBB}
		{F3CE27DE-F9FC-25E0-9340-E9279779B096} = {6BAF68F6-F52C-DDDB-D644-17161BDD9330}
		{4A81B8C5-5C5F-40FF-9323-385C8EF51A8B} = {F3CE27DE-F9FC-25E0-9340-E9279779B096}
		{19E44FDB-CF07-394D-F9FD-F615BB736F51} = {AD9DEE37-C5DA-7D6E-7BA6-B3393648365D}
		{84B1B3BD-0982-9E5D-87CD-39651C85E885} = {19E44FDB-CF07-394D-F9FD-F615BB736F51}
		{EB51E8E6-C3C5-7321-EBC0-E72DE2068E8E} = {19E44FDB-CF07-394D-F9FD-F615BB736F51}
		{B8221258-D5B0-47A4-B824-F1BD60885581} = {EB51E8E6-C3C5-7321-EBC0-E72DE2068E8E}
		{CBED550D-CF65-305A-6C1B-5048ED7994BD} = {41B874FF-664E-CB6B-BE46-5C54BB72026C}
		{8D810627-A907-6833-E395-11403686D9FC} = {CBED550D-CF65-305A-6C1B-5048ED7994BD}
		{AEBCAB8A-933E-48DD-F2AE-EC96DA056289} = {8D810627-A907-6833-E395-11403686D9FC}
		{08987828-A205-A47F-2B09-5A99AC665F6E} = {AEBCAB8A-933E-48DD-F2AE-EC96DA056289}
		{19802B48-2F2A-4F1E-BFDF-100053006F17} = {08987828-A205-A47F-2B09-5A99AC665F6E}
		{7F981827-B4D2-1073-BAEB-9B21C9B50B79} = {AEBCAB8A-933E-48DD-F2AE-EC96DA056289}
		{D11EE13F-1C2B-4ABB-BB33-C1FCB1990DA9} = {7F981827-B4D2-1073-BAEB-9B21C9B50B79}
		{054F3A09-9CAA-0CD3-5F82-F10E8A77471E} = {AEBCAB8A-933E-48DD-F2AE-EC96DA056289}
		{4379B5B1-DABA-45EF-BD8B-AF773A27E63C} = {054F3A09-9CAA-0CD3-5F82-F10E8A77471E}
		{13F888B4-BCEF-8D0E-9671-A5BEDE987EC0} = {AEBCAB8A-933E-48DD-F2AE-EC96DA056289}
		{73F0B551-EF62-47AF-B236-7BBA46FF3AE5} = {13F888B4-BCEF-8D0E-9671-A5BEDE987EC0}
		{FA347538-150F-0120-4235-0F1B08DBDF0F} = {AEBCAB8A-933E-48DD-F2AE-EC96DA056289}
		{BA58DA94-7018-4D8C-B032-E44B84190C2E} = {FA347538-150F-0120-4235-0F1B08DBDF0F}
		{F6C8A6E0-6EB9-6967-9FE5-184B73C8C3FA} = {AEBCAB8A-933E-48DD-F2AE-EC96DA056289}
		{DD65D832-8DC0-4091-8C3E-AC663BCC4CC8} = {F6C8A6E0-6EB9-6967-9FE5-184B73C8C3FA}
		{3A3DD03C-7B5D-4181-40CE-78A8AD251B6E} = {AEBCAB8A-933E-48DD-F2AE-EC96DA056289}
		{6BA804DF-5261-4397-979A-8C1440A035FD} = {3A3DD03C-7B5D-4181-40CE-78A8AD251B6E}
		{9881E4F3-1456-72FB-0E71-25A87DFB681D} = {AEBCAB8A-933E-48DD-F2AE-EC96DA056289}
		{AB15EAEA-AC0E-4882-8EE9-A8290A83E7BA} = {9881E4F3-1456-72FB-0E71-25A87DFB681D}
		{65E6CB79-8250-618F-54C0-3016F134AD8B} = {AEBCAB8A-933E-48DD-F2AE-EC96DA056289}
		{A30FD542-BFAF-4B96-8366-8C0E07FEFAB9} = {65E6CB79-8250-618F-54C0-3016F134AD8B}
		{15FB33B0-9A4B-618D-93A5-0E53A0D534FF} = {AEBCAB8A-933E-48DD-F2AE-EC96DA056289}
		{FAAC12B7-11D8-423D-92E0-BB795E6063B5} = {15FB33B0-9A4B-618D-93A5-0E53A0D534FF}
		{DB29EC84-23F0-A263-000F-DD6A2035672E} = {41B874FF-664E-CB6B-BE46-5C54BB72026C}
		{8CD43686-C8B1-2330-A430-2DDA66CDDAE9} = {DB29EC84-23F0-A263-000F-DD6A2035672E}
		{677B2ED5-21F2-9EF4-86BB-C2D4E97FA1E5} = {8CD43686-C8B1-2330-A430-2DDA66CDDAE9}
		{2285C044-01C0-4A64-3388-49D980032DDE} = {677B2ED5-21F2-9EF4-86BB-C2D4E97FA1E5}
		{353217AA-FF8D-714F-F13B-BC61D082B224} = {677B2ED5-21F2-9EF4-86BB-C2D4E97FA1E5}
		{221F63FA-9374-4639-9F34-5920A0AF57D4} = {353217AA-FF8D-714F-F13B-BC61D082B224}
		{30542EFA-E96D-A124-594B-0B00C90B7971} = {8CD43686-C8B1-2330-A430-2DDA66CDDAE9}
		{10931B36-64F3-BB9F-3466-A47E8FE683D4} = {30542EFA-E96D-A124-594B-0B00C90B7971}
		{A987BADD-8860-4F32-9EF0-221673087B1D} = {10931B36-64F3-BB9F-3466-A47E8FE683D4}
		{58A90CAD-7E85-7727-97F5-415CD2C3A311} = {30542EFA-E96D-A124-594B-0B00C90B7971}
		{3361F00E-1DD5-4F7C-97A0-7658A376B348} = {58A90CAD-7E85-7727-97F5-415CD2C3A311}
		{435EE360-0AF3-F7BE-8727-E362626C3D11} = {8CD43686-C8B1-2330-A430-2DDA66CDDAE9}
		{FA42AF56-4953-E11E-6F25-05CC906AE1CE} = {435EE360-0AF3-F7BE-8727-E362626C3D11}
		{93699870-D1C1-4B1B-89FE-D7AE269302EE} = {FA42AF56-4953-E11E-6F25-05CC906AE1CE}
		{55958CAF-B7DB-4E3A-8B66-A5535C1374BA} = {2285C044-01C0-4A64-3388-49D980032DDE}
		{E32D1242-5368-4C2F-995B-4CD31E33D69A} = {84B1B3BD-0982-9E5D-87CD-39651C85E885}
		{263D2388-7F76-4368-D306-617AA0A257C0} = {9B1055B9-CFA6-8AE7-DCDE-1878E3F42320}
		{37941D56-8A94-9252-221E-AA386B1123BD} = {263D2388-7F76-4368-D306-617AA0A257C0}
		{C541352A-11F1-4D50-9D6A-6FD099DE324D} = {37941D56-8A94-9252-221E-AA386B1123BD}
	EndGlobalSection
EndGlobal
