
Microsoft Visual Studio Solution File, Format Version 12.00
# Visual Studio Version 17
VisualStudioVersion = 17.0.31903.59
MinimumVisualStudioVersion = 10.0.40219.1
Project("{2150E333-8FDC-42A3-9474-1A3956D46DE8}") = "dlls", "dlls", "{A95BA376-B21A-74C0-40F1-EB19CFA13FFF}"
EndProject
Project("{FAE04EC0-301F-11D3-BF4B-00C04F79EFBC}") = "BroStreamerTools", "dlls\BroStreamerTools\BroStreamerTools.csproj", "{9EC83E6F-C665-4C90-A5E9-E65EA16B6599}"
EndProject
Project("{2150E333-8FDC-42A3-9474-1A3956D46DE8}") = "SubActions", "SubActions", "{41B874FF-664E-CB6B-BE46-5C54BB72026C}"
EndProject
Project("{2150E333-8FDC-42A3-9474-1A3956D46DE8}") = "Common", "Common", "{817ABA09-AAE9-4B6C-9022-0A516B3398D5}"
EndProject
Project("{2150E333-8FDC-42A3-9474-1A3956D46DE8}") = "Ftp", "Ftp", "{35ED8B93-7A0A-4D35-A5B1-6B7424663034}"
EndProject
Project("{2150E333-8FDC-42A3-9474-1A3956D46DE8}") = "Production", "Production", "{4B14C820-A44B-4354-BBAE-757480DA717C}"
EndProject
Project("{2150E333-8FDC-42A3-9474-1A3956D46DE8}") = "Brb", "Brb", "{3919278A-8F3A-89A7-5E9F-B0DDB70A8D21}"
EndProject
Project("{2150E333-8FDC-42A3-9474-1A3956D46DE8}") = "BrbStart", "BrbStart", "{30774BBC-AFC4-F8AC-0079-223864F0357C}"
EndProject
Project("{FAE04EC0-301F-11D3-BF4B-00C04F79EFBC}") = "StartTimer.shadow", "SubActions\Common\Brb\BrbStart\StartTimer.shadow.csproj", "{460001F2-F04A-4761-9D48-9D52EB4BE0C6}"
EndProject
Project("{2150E333-8FDC-42A3-9474-1A3956D46DE8}") = "BrbTimerTick", "BrbTimerTick", "{2092739A-6EB5-BAC6-B28D-BE24C7F5FA36}"
EndProject
Project("{FAE04EC0-301F-11D3-BF4B-00C04F79EFBC}") = "UpdateBrbText.shadow", "SubActions\Common\Brb\BrbTimerTick\UpdateBrbText.shadow.csproj", "{9825FC4F-8ECE-47B5-8FD7-793E9A8B2FC8}"
EndProject
Project("{2150E333-8FDC-42A3-9474-1A3956D46DE8}") = "Alerts", "Alerts", "{4437AFED-C84D-B613-AE1B-F3B8873EB01B}"
EndProject
Project("{2150E333-8FDC-42A3-9474-1A3956D46DE8}") = "KofiAlerts", "KofiAlerts", "{6144866F-B751-4400-4417-7B445ABBE762}"
EndProject
Project("{FAE04EC0-301F-11D3-BF4B-00C04F79EFBC}") = "StartKofiAlert.shadow", "SubActions\Common\Alerts\KofiAlerts\StartKofiAlert.shadow.csproj", "{7201C0BE-6542-4028-9A1B-9791ADD4F4A5}"
EndProject
Project("{2150E333-8FDC-42A3-9474-1A3956D46DE8}") = "TwitchSubAlerts", "TwitchSubAlerts", "{5C381D0F-F1A4-C786-345B-B4048D8FDD59}"
EndProject
Project("{FAE04EC0-301F-11D3-BF4B-00C04F79EFBC}") = "StartTwitchAlert.shadow", "SubActions\Common\Alerts\TwitchSubAlerts\StartTwitchAlert.shadow.csproj", "{82713317-76B9-4D90-B85E-ABA65AAF279A}"
EndProject
Project("{2150E333-8FDC-42A3-9474-1A3956D46DE8}") = "SkipAlert", "SkipAlert", "{E3CEC517-B8E7-BC20-789B-2E118EAA7F12}"
EndProject
Project("{FAE04EC0-301F-11D3-BF4B-00C04F79EFBC}") = "SkipCurrentAlert.shadow", "SubActions\Common\Alerts\SkipAlert\SkipCurrentAlert.shadow.csproj", "{121ED680-5491-4F3D-ACEE-9F990EF53907}"
EndProject
Project("{2150E333-8FDC-42A3-9474-1A3956D46DE8}") = "ReplayAlert", "ReplayAlert", "{D2D1105F-EF3A-B499-1851-CEA666A9D11F}"
EndProject
Project("{FAE04EC0-301F-11D3-BF4B-00C04F79EFBC}") = "ReplayAlert.shadow", "SubActions\Common\Alerts\ReplayAlert\ReplayAlert.shadow.csproj", "{0E0421AA-CE69-4EDA-BD11-45FEBCC62B0E}"
EndProject
Project("{2150E333-8FDC-42A3-9474-1A3956D46DE8}") = "_shims", "_shims", "{5859B3E3-704B-AA76-6FF4-C8AD9A26BE2B}"
EndProject
Project("{FAE04EC0-301F-11D3-BF4B-00C04F79EFBC}") = "Shims.shadow", "_shims\Shims.shadow.csproj", "{C13920A2-AEE4-414F-A116-ACFB9340E912}"
EndProject
Project("{2150E333-8FDC-42A3-9474-1A3956D46DE8}") = "ManageAudioDevices", "ManageAudioDevices", "{26B2BED3-B540-CE97-F927-F08B219F18CD}"
EndProject
Project("{2150E333-8FDC-42A3-9474-1A3956D46DE8}") = "Mute11And12Channels", "Mute11And12Channels", "{74B3ECE0-7F77-3B39-D138-C76355B16768}"
EndProject
Project("{FAE04EC0-301F-11D3-BF4B-00C04F79EFBC}") = "Mute11And12Channels.shadow", "SubActions\Ftp\ManageAudioDevices\Mute11And12Channels\Mute11And12Channels.shadow.csproj", "{8E24D32B-4E05-428C-9DA8-85D478EAD0F2}"
EndProject
Project("{2150E333-8FDC-42A3-9474-1A3956D46DE8}") = "Mute5And6Channels", "Mute5And6Channels", "{8FEFF433-CE23-D439-481E-8D29CBC85DC9}"
EndProject
Project("{FAE04EC0-301F-11D3-BF4B-00C04F79EFBC}") = "Mute5And6Channels.shadow", "SubActions\Ftp\ManageAudioDevices\Mute5And6Channels\Mute5And6Channels.shadow.csproj", "{B9DFFC91-E04B-49D8-AC46-BABBCCDD59A2}"
EndProject
Project("{2150E333-8FDC-42A3-9474-1A3956D46DE8}") = "Mute7And8Channels", "Mute7And8Channels", "{3DD35761-0C67-9D38-13B6-3A00EAC7009C}"
EndProject
Project("{FAE04EC0-301F-11D3-BF4B-00C04F79EFBC}") = "Mute7And8Channels.shadow", "SubActions\Ftp\ManageAudioDevices\Mute7And8Channels\Mute7And8Channels.shadow.csproj", "{F33CF7BA-9F0A-4904-AA3A-E94B41063F6D}"
EndProject
Project("{2150E333-8FDC-42A3-9474-1A3956D46DE8}") = "MuteAuxSend1", "MuteAuxSend1", "{62AFB12F-8D88-76E4-0FEB-DEE49112D559}"
EndProject
Project("{FAE04EC0-301F-11D3-BF4B-00C04F79EFBC}") = "MuteAuxSend1.shadow", "SubActions\Ftp\ManageAudioDevices\MuteAuxSend1\MuteAuxSend1.shadow.csproj", "{568D738F-9C72-4B98-A47E-0292D29B3C5D}"
EndProject
Project("{2150E333-8FDC-42A3-9474-1A3956D46DE8}") = "MuteUsbOut", "MuteUsbOut", "{4CF6A29F-E2A1-9F25-0086-7622258C8A7F}"
EndProject
Project("{FAE04EC0-301F-11D3-BF4B-00C04F79EFBC}") = "MuteUsbOut.shadow", "SubActions\Ftp\ManageAudioDevices\MuteUsbOut\MuteUsbOut.shadow.csproj", "{73F9A829-EC9B-4B9F-9B5B-23E3AA19B429}"
EndProject
Project("{2150E333-8FDC-42A3-9474-1A3956D46DE8}") = "Unmute11And12Channels", "Unmute11And12Channels", "{3CCE567B-6DD9-B937-60BE-BA4EAF19632F}"
EndProject
Project("{FAE04EC0-301F-11D3-BF4B-00C04F79EFBC}") = "Unmute11And12Channels.shadow", "SubActions\Ftp\ManageAudioDevices\Unmute11And12Channels\Unmute11And12Channels.shadow.csproj", "{B834558A-2DEE-4693-8309-661D4572E36C}"
EndProject
Project("{2150E333-8FDC-42A3-9474-1A3956D46DE8}") = "Unmute5And6Channels", "Unmute5And6Channels", "{07036890-30AE-5DA9-0E60-7AE1009E0D61}"
EndProject
Project("{FAE04EC0-301F-11D3-BF4B-00C04F79EFBC}") = "Unmute5And6Channels.shadow", "SubActions\Ftp\ManageAudioDevices\Unmute5And6Channels\Unmute5And6Channels.shadow.csproj", "{CC1BA788-F950-4596-8068-2575D289B0AE}"
EndProject
Project("{2150E333-8FDC-42A3-9474-1A3956D46DE8}") = "Unmute7And8Channels", "Unmute7And8Channels", "{4C15DBA3-57AA-BB99-3C7F-295952BA5A85}"
EndProject
Project("{FAE04EC0-301F-11D3-BF4B-00C04F79EFBC}") = "Unmute7And8Channels.shadow", "SubActions\Ftp\ManageAudioDevices\Unmute7And8Channels\Unmute7And8Channels.shadow.csproj", "{71D95014-6FCB-4A20-A6A9-021AB4942A6F}"
EndProject
Project("{2150E333-8FDC-42A3-9474-1A3956D46DE8}") = "UnmuteAuxSend1", "UnmuteAuxSend1", "{47F57182-9262-3E8B-9BC3-56C30B4DA47D}"
EndProject
Project("{FAE04EC0-301F-11D3-BF4B-00C04F79EFBC}") = "UnmuteAuxSend1.shadow", "SubActions\Ftp\ManageAudioDevices\UnmuteAuxSend1\UnmuteAuxSend1.shadow.csproj", "{36C8D467-243E-4B92-A40F-E2FB6C26E5D4}"
EndProject
Project("{2150E333-8FDC-42A3-9474-1A3956D46DE8}") = "UnmuteUsbOut", "UnmuteUsbOut", "{55B64A0B-81B2-1A1D-E553-97D900E3506D}"
EndProject
Project("{FAE04EC0-301F-11D3-BF4B-00C04F79EFBC}") = "UnmuteUsbOut.shadow", "SubActions\Ftp\ManageAudioDevices\UnmuteUsbOut\UnmuteUsbOut.shadow.csproj", "{40C87740-3615-4ABB-9B45-D33FAC67FB38}"
EndProject
Global
	GlobalSection(SolutionConfigurationPlatforms) = preSolution
		Debug|Any CPU = Debug|Any CPU
		Debug|x64 = Debug|x64
		Debug|x86 = Debug|x86
		Release|Any CPU = Release|Any CPU
		Release|x64 = Release|x64
		Release|x86 = Release|x86
	EndGlobalSection
	GlobalSection(ProjectConfigurationPlatforms) = postSolution
		{9EC83E6F-C665-4C90-A5E9-E65EA16B6599}.Debug|Any CPU.ActiveCfg = Debug|Any CPU
		{9EC83E6F-C665-4C90-A5E9-E65EA16B6599}.Debug|Any CPU.Build.0 = Debug|Any CPU
		{9EC83E6F-C665-4C90-A5E9-E65EA16B6599}.Debug|x64.ActiveCfg = Debug|Any CPU
		{9EC83E6F-C665-4C90-A5E9-E65EA16B6599}.Debug|x64.Build.0 = Debug|Any CPU
		{9EC83E6F-C665-4C90-A5E9-E65EA16B6599}.Debug|x86.ActiveCfg = Debug|Any CPU
		{9EC83E6F-C665-4C90-A5E9-E65EA16B6599}.Debug|x86.Build.0 = Debug|Any CPU
		{9EC83E6F-C665-4C90-A5E9-E65EA16B6599}.Release|Any CPU.ActiveCfg = Release|Any CPU
		{9EC83E6F-C665-4C90-A5E9-E65EA16B6599}.Release|Any CPU.Build.0 = Release|Any CPU
		{9EC83E6F-C665-4C90-A5E9-E65EA16B6599}.Release|x64.ActiveCfg = Release|Any CPU
		{9EC83E6F-C665-4C90-A5E9-E65EA16B6599}.Release|x64.Build.0 = Release|Any CPU
		{9EC83E6F-C665-4C90-A5E9-E65EA16B6599}.Release|x86.ActiveCfg = Release|Any CPU
		{9EC83E6F-C665-4C90-A5E9-E65EA16B6599}.Release|x86.Build.0 = Release|Any CPU
		{460001F2-F04A-4761-9D48-9D52EB4BE0C6}.Debug|Any CPU.ActiveCfg = Debug|Any CPU
		{460001F2-F04A-4761-9D48-9D52EB4BE0C6}.Debug|Any CPU.Build.0 = Debug|Any CPU
		{460001F2-F04A-4761-9D48-9D52EB4BE0C6}.Debug|x64.ActiveCfg = Debug|Any CPU
		{460001F2-F04A-4761-9D48-9D52EB4BE0C6}.Debug|x64.Build.0 = Debug|Any CPU
		{460001F2-F04A-4761-9D48-9D52EB4BE0C6}.Debug|x86.ActiveCfg = Debug|Any CPU
		{460001F2-F04A-4761-9D48-9D52EB4BE0C6}.Debug|x86.Build.0 = Debug|Any CPU
		{460001F2-F04A-4761-9D48-9D52EB4BE0C6}.Release|Any CPU.ActiveCfg = Release|Any CPU
		{460001F2-F04A-4761-9D48-9D52EB4BE0C6}.Release|Any CPU.Build.0 = Release|Any CPU
		{460001F2-F04A-4761-9D48-9D52EB4BE0C6}.Release|x64.ActiveCfg = Release|Any CPU
		{460001F2-F04A-4761-9D48-9D52EB4BE0C6}.Release|x64.Build.0 = Release|Any CPU
		{460001F2-F04A-4761-9D48-9D52EB4BE0C6}.Release|x86.ActiveCfg = Release|Any CPU
		{460001F2-F04A-4761-9D48-9D52EB4BE0C6}.Release|x86.Build.0 = Release|Any CPU
		{9825FC4F-8ECE-47B5-8FD7-793E9A8B2FC8}.Debug|Any CPU.ActiveCfg = Debug|Any CPU
		{9825FC4F-8ECE-47B5-8FD7-793E9A8B2FC8}.Debug|Any CPU.Build.0 = Debug|Any CPU
		{9825FC4F-8ECE-47B5-8FD7-793E9A8B2FC8}.Debug|x64.ActiveCfg = Debug|Any CPU
		{9825FC4F-8ECE-47B5-8FD7-793E9A8B2FC8}.Debug|x64.Build.0 = Debug|Any CPU
		{9825FC4F-8ECE-47B5-8FD7-793E9A8B2FC8}.Debug|x86.ActiveCfg = Debug|Any CPU
		{9825FC4F-8ECE-47B5-8FD7-793E9A8B2FC8}.Debug|x86.Build.0 = Debug|Any CPU
		{9825FC4F-8ECE-47B5-8FD7-793E9A8B2FC8}.Release|Any CPU.ActiveCfg = Release|Any CPU
		{9825FC4F-8ECE-47B5-8FD7-793E9A8B2FC8}.Release|Any CPU.Build.0 = Release|Any CPU
		{9825FC4F-8ECE-47B5-8FD7-793E9A8B2FC8}.Release|x64.ActiveCfg = Release|Any CPU
		{9825FC4F-8ECE-47B5-8FD7-793E9A8B2FC8}.Release|x64.Build.0 = Release|Any CPU
		{9825FC4F-8ECE-47B5-8FD7-793E9A8B2FC8}.Release|x86.ActiveCfg = Release|Any CPU
		{9825FC4F-8ECE-47B5-8FD7-793E9A8B2FC8}.Release|x86.Build.0 = Release|Any CPU
		{7201C0BE-6542-4028-9A1B-9791ADD4F4A5}.Debug|Any CPU.ActiveCfg = Debug|Any CPU
		{7201C0BE-6542-4028-9A1B-9791ADD4F4A5}.Debug|Any CPU.Build.0 = Debug|Any CPU
		{7201C0BE-6542-4028-9A1B-9791ADD4F4A5}.Debug|x64.ActiveCfg = Debug|Any CPU
		{7201C0BE-6542-4028-9A1B-9791ADD4F4A5}.Debug|x64.Build.0 = Debug|Any CPU
		{7201C0BE-6542-4028-9A1B-9791ADD4F4A5}.Debug|x86.ActiveCfg = Debug|Any CPU
		{7201C0BE-6542-4028-9A1B-9791ADD4F4A5}.Debug|x86.Build.0 = Debug|Any CPU
		{7201C0BE-6542-4028-9A1B-9791ADD4F4A5}.Release|Any CPU.ActiveCfg = Release|Any CPU
		{7201C0BE-6542-4028-9A1B-9791ADD4F4A5}.Release|Any CPU.Build.0 = Release|Any CPU
		{7201C0BE-6542-4028-9A1B-9791ADD4F4A5}.Release|x64.ActiveCfg = Release|Any CPU
		{7201C0BE-6542-4028-9A1B-9791ADD4F4A5}.Release|x64.Build.0 = Release|Any CPU
		{7201C0BE-6542-4028-9A1B-9791ADD4F4A5}.Release|x86.ActiveCfg = Release|Any CPU
		{7201C0BE-6542-4028-9A1B-9791ADD4F4A5}.Release|x86.Build.0 = Release|Any CPU
		{82713317-76B9-4D90-B85E-ABA65AAF279A}.Debug|Any CPU.ActiveCfg = Debug|Any CPU
		{82713317-76B9-4D90-B85E-ABA65AAF279A}.Debug|Any CPU.Build.0 = Debug|Any CPU
		{82713317-76B9-4D90-B85E-ABA65AAF279A}.Debug|x64.ActiveCfg = Debug|Any CPU
		{82713317-76B9-4D90-B85E-ABA65AAF279A}.Debug|x64.Build.0 = Debug|Any CPU
		{82713317-76B9-4D90-B85E-ABA65AAF279A}.Debug|x86.ActiveCfg = Debug|Any CPU
		{82713317-76B9-4D90-B85E-ABA65AAF279A}.Debug|x86.Build.0 = Debug|Any CPU
		{82713317-76B9-4D90-B85E-ABA65AAF279A}.Release|Any CPU.ActiveCfg = Release|Any CPU
		{82713317-76B9-4D90-B85E-ABA65AAF279A}.Release|Any CPU.Build.0 = Release|Any CPU
		{82713317-76B9-4D90-B85E-ABA65AAF279A}.Release|x64.ActiveCfg = Release|Any CPU
		{82713317-76B9-4D90-B85E-ABA65AAF279A}.Release|x64.Build.0 = Release|Any CPU
		{82713317-76B9-4D90-B85E-ABA65AAF279A}.Release|x86.ActiveCfg = Release|Any CPU
		{82713317-76B9-4D90-B85E-ABA65AAF279A}.Release|x86.Build.0 = Release|Any CPU
		{121ED680-5491-4F3D-ACEE-9F990EF53907}.Debug|Any CPU.ActiveCfg = Debug|Any CPU
		{121ED680-5491-4F3D-ACEE-9F990EF53907}.Debug|Any CPU.Build.0 = Debug|Any CPU
		{121ED680-5491-4F3D-ACEE-9F990EF53907}.Debug|x64.ActiveCfg = Debug|Any CPU
		{121ED680-5491-4F3D-ACEE-9F990EF53907}.Debug|x64.Build.0 = Debug|Any CPU
		{121ED680-5491-4F3D-ACEE-9F990EF53907}.Debug|x86.ActiveCfg = Debug|Any CPU
		{121ED680-5491-4F3D-ACEE-9F990EF53907}.Debug|x86.Build.0 = Debug|Any CPU
		{121ED680-5491-4F3D-ACEE-9F990EF53907}.Release|Any CPU.ActiveCfg = Release|Any CPU
		{121ED680-5491-4F3D-ACEE-9F990EF53907}.Release|Any CPU.Build.0 = Release|Any CPU
		{121ED680-5491-4F3D-ACEE-9F990EF53907}.Release|x64.ActiveCfg = Release|Any CPU
		{121ED680-5491-4F3D-ACEE-9F990EF53907}.Release|x64.Build.0 = Release|Any CPU
		{121ED680-5491-4F3D-ACEE-9F990EF53907}.Release|x86.ActiveCfg = Release|Any CPU
		{121ED680-5491-4F3D-ACEE-9F990EF53907}.Release|x86.Build.0 = Release|Any CPU
		{0E0421AA-CE69-4EDA-BD11-45FEBCC62B0E}.Debug|Any CPU.ActiveCfg = Debug|Any CPU
		{0E0421AA-CE69-4EDA-BD11-45FEBCC62B0E}.Debug|Any CPU.Build.0 = Debug|Any CPU
		{0E0421AA-CE69-4EDA-BD11-45FEBCC62B0E}.Debug|x64.ActiveCfg = Debug|Any CPU
		{0E0421AA-CE69-4EDA-BD11-45FEBCC62B0E}.Debug|x64.Build.0 = Debug|Any CPU
		{0E0421AA-CE69-4EDA-BD11-45FEBCC62B0E}.Debug|x86.ActiveCfg = Debug|Any CPU
		{0E0421AA-CE69-4EDA-BD11-45FEBCC62B0E}.Debug|x86.Build.0 = Debug|Any CPU
		{0E0421AA-CE69-4EDA-BD11-45FEBCC62B0E}.Release|Any CPU.ActiveCfg = Release|Any CPU
		{0E0421AA-CE69-4EDA-BD11-45FEBCC62B0E}.Release|Any CPU.Build.0 = Release|Any CPU
		{0E0421AA-CE69-4EDA-BD11-45FEBCC62B0E}.Release|x64.ActiveCfg = Release|Any CPU
		{0E0421AA-CE69-4EDA-BD11-45FEBCC62B0E}.Release|x64.Build.0 = Release|Any CPU
		{0E0421AA-CE69-4EDA-BD11-45FEBCC62B0E}.Release|x86.ActiveCfg = Release|Any CPU
		{0E0421AA-CE69-4EDA-BD11-45FEBCC62B0E}.Release|x86.Build.0 = Release|Any CPU
		{C13920A2-AEE4-414F-A116-ACFB9340E912}.Debug|Any CPU.ActiveCfg = Debug|Any CPU
		{C13920A2-AEE4-414F-A116-ACFB9340E912}.Debug|Any CPU.Build.0 = Debug|Any CPU
		{C13920A2-AEE4-414F-A116-ACFB9340E912}.Debug|x64.ActiveCfg = Debug|Any CPU
		{C13920A2-AEE4-414F-A116-ACFB9340E912}.Debug|x64.Build.0 = Debug|Any CPU
		{C13920A2-AEE4-414F-A116-ACFB9340E912}.Debug|x86.ActiveCfg = Debug|Any CPU
		{C13920A2-AEE4-414F-A116-ACFB9340E912}.Debug|x86.Build.0 = Debug|Any CPU
		{C13920A2-AEE4-414F-A116-ACFB9340E912}.Release|Any CPU.ActiveCfg = Release|Any CPU
		{C13920A2-AEE4-414F-A116-ACFB9340E912}.Release|Any CPU.Build.0 = Release|Any CPU
		{C13920A2-AEE4-414F-A116-ACFB9340E912}.Release|x64.ActiveCfg = Release|Any CPU
		{C13920A2-AEE4-414F-A116-ACFB9340E912}.Release|x64.Build.0 = Release|Any CPU
		{C13920A2-AEE4-414F-A116-ACFB9340E912}.Release|x86.ActiveCfg = Release|Any CPU
		{C13920A2-AEE4-414F-A116-ACFB9340E912}.Release|x86.Build.0 = Release|Any CPU
		{8E24D32B-4E05-428C-9DA8-85D478EAD0F2}.Debug|Any CPU.ActiveCfg = Debug|Any CPU
		{8E24D32B-4E05-428C-9DA8-85D478EAD0F2}.Debug|Any CPU.Build.0 = Debug|Any CPU
		{8E24D32B-4E05-428C-9DA8-85D478EAD0F2}.Debug|x64.ActiveCfg = Debug|Any CPU
		{8E24D32B-4E05-428C-9DA8-85D478EAD0F2}.Debug|x64.Build.0 = Debug|Any CPU
		{8E24D32B-4E05-428C-9DA8-85D478EAD0F2}.Debug|x86.ActiveCfg = Debug|Any CPU
		{8E24D32B-4E05-428C-9DA8-85D478EAD0F2}.Debug|x86.Build.0 = Debug|Any CPU
		{8E24D32B-4E05-428C-9DA8-85D478EAD0F2}.Release|Any CPU.ActiveCfg = Release|Any CPU
		{8E24D32B-4E05-428C-9DA8-85D478EAD0F2}.Release|Any CPU.Build.0 = Release|Any CPU
		{8E24D32B-4E05-428C-9DA8-85D478EAD0F2}.Release|x64.ActiveCfg = Release|Any CPU
		{8E24D32B-4E05-428C-9DA8-85D478EAD0F2}.Release|x64.Build.0 = Release|Any CPU
		{8E24D32B-4E05-428C-9DA8-85D478EAD0F2}.Release|x86.ActiveCfg = Release|Any CPU
		{8E24D32B-4E05-428C-9DA8-85D478EAD0F2}.Release|x86.Build.0 = Release|Any CPU
		{B9DFFC91-E04B-49D8-AC46-BABBCCDD59A2}.Debug|Any CPU.ActiveCfg = Debug|Any CPU
		{B9DFFC91-E04B-49D8-AC46-BABBCCDD59A2}.Debug|Any CPU.Build.0 = Debug|Any CPU
		{B9DFFC91-E04B-49D8-AC46-BABBCCDD59A2}.Debug|x64.ActiveCfg = Debug|Any CPU
		{B9DFFC91-E04B-49D8-AC46-BABBCCDD59A2}.Debug|x64.Build.0 = Debug|Any CPU
		{B9DFFC91-E04B-49D8-AC46-BABBCCDD59A2}.Debug|x86.ActiveCfg = Debug|Any CPU
		{B9DFFC91-E04B-49D8-AC46-BABBCCDD59A2}.Debug|x86.Build.0 = Debug|Any CPU
		{B9DFFC91-E04B-49D8-AC46-BABBCCDD59A2}.Release|Any CPU.ActiveCfg = Release|Any CPU
		{B9DFFC91-E04B-49D8-AC46-BABBCCDD59A2}.Release|Any CPU.Build.0 = Release|Any CPU
		{B9DFFC91-E04B-49D8-AC46-BABBCCDD59A2}.Release|x64.ActiveCfg = Release|Any CPU
		{B9DFFC91-E04B-49D8-AC46-BABBCCDD59A2}.Release|x64.Build.0 = Release|Any CPU
		{B9DFFC91-E04B-49D8-AC46-BABBCCDD59A2}.Release|x86.ActiveCfg = Release|Any CPU
		{B9DFFC91-E04B-49D8-AC46-BABBCCDD59A2}.Release|x86.Build.0 = Release|Any CPU
		{F33CF7BA-9F0A-4904-AA3A-E94B41063F6D}.Debug|Any CPU.ActiveCfg = Debug|Any CPU
		{F33CF7BA-9F0A-4904-AA3A-E94B41063F6D}.Debug|Any CPU.Build.0 = Debug|Any CPU
		{F33CF7BA-9F0A-4904-AA3A-E94B41063F6D}.Debug|x64.ActiveCfg = Debug|Any CPU
		{F33CF7BA-9F0A-4904-AA3A-E94B41063F6D}.Debug|x64.Build.0 = Debug|Any CPU
		{F33CF7BA-9F0A-4904-AA3A-E94B41063F6D}.Debug|x86.ActiveCfg = Debug|Any CPU
		{F33CF7BA-9F0A-4904-AA3A-E94B41063F6D}.Debug|x86.Build.0 = Debug|Any CPU
		{F33CF7BA-9F0A-4904-AA3A-E94B41063F6D}.Release|Any CPU.ActiveCfg = Release|Any CPU
		{F33CF7BA-9F0A-4904-AA3A-E94B41063F6D}.Release|Any CPU.Build.0 = Release|Any CPU
		{F33CF7BA-9F0A-4904-AA3A-E94B41063F6D}.Release|x64.ActiveCfg = Release|Any CPU
		{F33CF7BA-9F0A-4904-AA3A-E94B41063F6D}.Release|x64.Build.0 = Release|Any CPU
		{F33CF7BA-9F0A-4904-AA3A-E94B41063F6D}.Release|x86.ActiveCfg = Release|Any CPU
		{F33CF7BA-9F0A-4904-AA3A-E94B41063F6D}.Release|x86.Build.0 = Release|Any CPU
		{568D738F-9C72-4B98-A47E-0292D29B3C5D}.Debug|Any CPU.ActiveCfg = Debug|Any CPU
		{568D738F-9C72-4B98-A47E-0292D29B3C5D}.Debug|Any CPU.Build.0 = Debug|Any CPU
		{568D738F-9C72-4B98-A47E-0292D29B3C5D}.Debug|x64.ActiveCfg = Debug|Any CPU
		{568D738F-9C72-4B98-A47E-0292D29B3C5D}.Debug|x64.Build.0 = Debug|Any CPU
		{568D738F-9C72-4B98-A47E-0292D29B3C5D}.Debug|x86.ActiveCfg = Debug|Any CPU
		{568D738F-9C72-4B98-A47E-0292D29B3C5D}.Debug|x86.Build.0 = Debug|Any CPU
		{568D738F-9C72-4B98-A47E-0292D29B3C5D}.Release|Any CPU.ActiveCfg = Release|Any CPU
		{568D738F-9C72-4B98-A47E-0292D29B3C5D}.Release|Any CPU.Build.0 = Release|Any CPU
		{568D738F-9C72-4B98-A47E-0292D29B3C5D}.Release|x64.ActiveCfg = Release|Any CPU
		{568D738F-9C72-4B98-A47E-0292D29B3C5D}.Release|x64.Build.0 = Release|Any CPU
		{568D738F-9C72-4B98-A47E-0292D29B3C5D}.Release|x86.ActiveCfg = Release|Any CPU
		{568D738F-9C72-4B98-A47E-0292D29B3C5D}.Release|x86.Build.0 = Release|Any CPU
		{73F9A829-EC9B-4B9F-9B5B-23E3AA19B429}.Debug|Any CPU.ActiveCfg = Debug|Any CPU
		{73F9A829-EC9B-4B9F-9B5B-23E3AA19B429}.Debug|Any CPU.Build.0 = Debug|Any CPU
		{73F9A829-EC9B-4B9F-9B5B-23E3AA19B429}.Debug|x64.ActiveCfg = Debug|Any CPU
		{73F9A829-EC9B-4B9F-9B5B-23E3AA19B429}.Debug|x64.Build.0 = Debug|Any CPU
		{73F9A829-EC9B-4B9F-9B5B-23E3AA19B429}.Debug|x86.ActiveCfg = Debug|Any CPU
		{73F9A829-EC9B-4B9F-9B5B-23E3AA19B429}.Debug|x86.Build.0 = Debug|Any CPU
		{73F9A829-EC9B-4B9F-9B5B-23E3AA19B429}.Release|Any CPU.ActiveCfg = Release|Any CPU
		{73F9A829-EC9B-4B9F-9B5B-23E3AA19B429}.Release|Any CPU.Build.0 = Release|Any CPU
		{73F9A829-EC9B-4B9F-9B5B-23E3AA19B429}.Release|x64.ActiveCfg = Release|Any CPU
		{73F9A829-EC9B-4B9F-9B5B-23E3AA19B429}.Release|x64.Build.0 = Release|Any CPU
		{73F9A829-EC9B-4B9F-9B5B-23E3AA19B429}.Release|x86.ActiveCfg = Release|Any CPU
		{73F9A829-EC9B-4B9F-9B5B-23E3AA19B429}.Release|x86.Build.0 = Release|Any CPU
		{B834558A-2DEE-4693-8309-661D4572E36C}.Debug|Any CPU.ActiveCfg = Debug|Any CPU
		{B834558A-2DEE-4693-8309-661D4572E36C}.Debug|Any CPU.Build.0 = Debug|Any CPU
		{B834558A-2DEE-4693-8309-661D4572E36C}.Debug|x64.ActiveCfg = Debug|Any CPU
		{B834558A-2DEE-4693-8309-661D4572E36C}.Debug|x64.Build.0 = Debug|Any CPU
		{B834558A-2DEE-4693-8309-661D4572E36C}.Debug|x86.ActiveCfg = Debug|Any CPU
		{B834558A-2DEE-4693-8309-661D4572E36C}.Debug|x86.Build.0 = Debug|Any CPU
		{B834558A-2DEE-4693-8309-661D4572E36C}.Release|Any CPU.ActiveCfg = Release|Any CPU
		{B834558A-2DEE-4693-8309-661D4572E36C}.Release|Any CPU.Build.0 = Release|Any CPU
		{B834558A-2DEE-4693-8309-661D4572E36C}.Release|x64.ActiveCfg = Release|Any CPU
		{B834558A-2DEE-4693-8309-661D4572E36C}.Release|x64.Build.0 = Release|Any CPU
		{B834558A-2DEE-4693-8309-661D4572E36C}.Release|x86.ActiveCfg = Release|Any CPU
		{B834558A-2DEE-4693-8309-661D4572E36C}.Release|x86.Build.0 = Release|Any CPU
		{CC1BA788-F950-4596-8068-2575D289B0AE}.Debug|Any CPU.ActiveCfg = Debug|Any CPU
		{CC1BA788-F950-4596-8068-2575D289B0AE}.Debug|Any CPU.Build.0 = Debug|Any CPU
		{CC1BA788-F950-4596-8068-2575D289B0AE}.Debug|x64.ActiveCfg = Debug|Any CPU
		{CC1BA788-F950-4596-8068-2575D289B0AE}.Debug|x64.Build.0 = Debug|Any CPU
		{CC1BA788-F950-4596-8068-2575D289B0AE}.Debug|x86.ActiveCfg = Debug|Any CPU
		{CC1BA788-F950-4596-8068-2575D289B0AE}.Debug|x86.Build.0 = Debug|Any CPU
		{CC1BA788-F950-4596-8068-2575D289B0AE}.Release|Any CPU.ActiveCfg = Release|Any CPU
		{CC1BA788-F950-4596-8068-2575D289B0AE}.Release|Any CPU.Build.0 = Release|Any CPU
		{CC1BA788-F950-4596-8068-2575D289B0AE}.Release|x64.ActiveCfg = Release|Any CPU
		{CC1BA788-F950-4596-8068-2575D289B0AE}.Release|x64.Build.0 = Release|Any CPU
		{CC1BA788-F950-4596-8068-2575D289B0AE}.Release|x86.ActiveCfg = Release|Any CPU
		{CC1BA788-F950-4596-8068-2575D289B0AE}.Release|x86.Build.0 = Release|Any CPU
		{71D95014-6FCB-4A20-A6A9-021AB4942A6F}.Debug|Any CPU.ActiveCfg = Debug|Any CPU
		{71D95014-6FCB-4A20-A6A9-021AB4942A6F}.Debug|Any CPU.Build.0 = Debug|Any CPU
		{71D95014-6FCB-4A20-A6A9-021AB4942A6F}.Debug|x64.ActiveCfg = Debug|Any CPU
		{71D95014-6FCB-4A20-A6A9-021AB4942A6F}.Debug|x64.Build.0 = Debug|Any CPU
		{71D95014-6FCB-4A20-A6A9-021AB4942A6F}.Debug|x86.ActiveCfg = Debug|Any CPU
		{71D95014-6FCB-4A20-A6A9-021AB4942A6F}.Debug|x86.Build.0 = Debug|Any CPU
		{71D95014-6FCB-4A20-A6A9-021AB4942A6F}.Release|Any CPU.ActiveCfg = Release|Any CPU
		{71D95014-6FCB-4A20-A6A9-021AB4942A6F}.Release|Any CPU.Build.0 = Release|Any CPU
		{71D95014-6FCB-4A20-A6A9-021AB4942A6F}.Release|x64.ActiveCfg = Release|Any CPU
		{71D95014-6FCB-4A20-A6A9-021AB4942A6F}.Release|x64.Build.0 = Release|Any CPU
		{71D95014-6FCB-4A20-A6A9-021AB4942A6F}.Release|x86.ActiveCfg = Release|Any CPU
		{71D95014-6FCB-4A20-A6A9-021AB4942A6F}.Release|x86.Build.0 = Release|Any CPU
		{36C8D467-243E-4B92-A40F-E2FB6C26E5D4}.Debug|Any CPU.ActiveCfg = Debug|Any CPU
		{36C8D467-243E-4B92-A40F-E2FB6C26E5D4}.Debug|Any CPU.Build.0 = Debug|Any CPU
		{36C8D467-243E-4B92-A40F-E2FB6C26E5D4}.Debug|x64.ActiveCfg = Debug|Any CPU
		{36C8D467-243E-4B92-A40F-E2FB6C26E5D4}.Debug|x64.Build.0 = Debug|Any CPU
		{36C8D467-243E-4B92-A40F-E2FB6C26E5D4}.Debug|x86.ActiveCfg = Debug|Any CPU
		{36C8D467-243E-4B92-A40F-E2FB6C26E5D4}.Debug|x86.Build.0 = Debug|Any CPU
		{36C8D467-243E-4B92-A40F-E2FB6C26E5D4}.Release|Any CPU.ActiveCfg = Release|Any CPU
		{36C8D467-243E-4B92-A40F-E2FB6C26E5D4}.Release|Any CPU.Build.0 = Release|Any CPU
		{36C8D467-243E-4B92-A40F-E2FB6C26E5D4}.Release|x64.ActiveCfg = Release|Any CPU
		{36C8D467-243E-4B92-A40F-E2FB6C26E5D4}.Release|x64.Build.0 = Release|Any CPU
		{36C8D467-243E-4B92-A40F-E2FB6C26E5D4}.Release|x86.ActiveCfg = Release|Any CPU
		{36C8D467-243E-4B92-A40F-E2FB6C26E5D4}.Release|x86.Build.0 = Release|Any CPU
		{40C87740-3615-4ABB-9B45-D33FAC67FB38}.Debug|Any CPU.ActiveCfg = Debug|Any CPU
		{40C87740-3615-4ABB-9B45-D33FAC67FB38}.Debug|Any CPU.Build.0 = Debug|Any CPU
		{40C87740-3615-4ABB-9B45-D33FAC67FB38}.Debug|x64.ActiveCfg = Debug|Any CPU
		{40C87740-3615-4ABB-9B45-D33FAC67FB38}.Debug|x64.Build.0 = Debug|Any CPU
		{40C87740-3615-4ABB-9B45-D33FAC67FB38}.Debug|x86.ActiveCfg = Debug|Any CPU
		{40C87740-3615-4ABB-9B45-D33FAC67FB38}.Debug|x86.Build.0 = Debug|Any CPU
		{40C87740-3615-4ABB-9B45-D33FAC67FB38}.Release|Any CPU.ActiveCfg = Release|Any CPU
		{40C87740-3615-4ABB-9B45-D33FAC67FB38}.Release|Any CPU.Build.0 = Release|Any CPU
		{40C87740-3615-4ABB-9B45-D33FAC67FB38}.Release|x64.ActiveCfg = Release|Any CPU
		{40C87740-3615-4ABB-9B45-D33FAC67FB38}.Release|x64.Build.0 = Release|Any CPU
		{40C87740-3615-4ABB-9B45-D33FAC67FB38}.Release|x86.ActiveCfg = Release|Any CPU
		{40C87740-3615-4ABB-9B45-D33FAC67FB38}.Release|x86.Build.0 = Release|Any CPU
	EndGlobalSection
	GlobalSection(SolutionProperties) = preSolution
		HideSolutionNode = FALSE
	EndGlobalSection
	GlobalSection(NestedProjects) = preSolution
		{9EC83E6F-C665-4C90-A5E9-E65EA16B6599} = {A95BA376-B21A-74C0-40F1-EB19CFA13FFF}
		{817ABA09-AAE9-4B6C-9022-0A516B3398D5} = {41B874FF-664E-CB6B-BE46-5C54BB72026C}
		{35ED8B93-7A0A-4D35-A5B1-6B7424663034} = {41B874FF-664E-CB6B-BE46-5C54BB72026C}
		{4B14C820-A44B-4354-BBAE-757480DA717C} = {41B874FF-664E-CB6B-BE46-5C54BB72026C}
		{3919278A-8F3A-89A7-5E9F-B0DDB70A8D21} = {817ABA09-AAE9-4B6C-9022-0A516B3398D5}
		{30774BBC-AFC4-F8AC-0079-223864F0357C} = {3919278A-8F3A-89A7-5E9F-B0DDB70A8D21}
		{460001F2-F04A-4761-9D48-9D52EB4BE0C6} = {30774BBC-AFC4-F8AC-0079-223864F0357C}
		{2092739A-6EB5-BAC6-B28D-BE24C7F5FA36} = {3919278A-8F3A-89A7-5E9F-B0DDB70A8D21}
		{9825FC4F-8ECE-47B5-8FD7-793E9A8B2FC8} = {2092739A-6EB5-BAC6-B28D-BE24C7F5FA36}
		{4437AFED-C84D-B613-AE1B-F3B8873EB01B} = {817ABA09-AAE9-4B6C-9022-0A516B3398D5}
		{6144866F-B751-4400-4417-7B445ABBE762} = {4437AFED-C84D-B613-AE1B-F3B8873EB01B}
		{7201C0BE-6542-4028-9A1B-9791ADD4F4A5} = {6144866F-B751-4400-4417-7B445ABBE762}
		{5C381D0F-F1A4-C786-345B-B4048D8FDD59} = {4437AFED-C84D-B613-AE1B-F3B8873EB01B}
		{82713317-76B9-4D90-B85E-ABA65AAF279A} = {5C381D0F-F1A4-C786-345B-B4048D8FDD59}
		{E3CEC517-B8E7-BC20-789B-2E118EAA7F12} = {4437AFED-C84D-B613-AE1B-F3B8873EB01B}
		{121ED680-5491-4F3D-ACEE-9F990EF53907} = {E3CEC517-B8E7-BC20-789B-2E118EAA7F12}
		{D2D1105F-EF3A-B499-1851-CEA666A9D11F} = {4437AFED-C84D-B613-AE1B-F3B8873EB01B}
		{0E0421AA-CE69-4EDA-BD11-45FEBCC62B0E} = {D2D1105F-EF3A-B499-1851-CEA666A9D11F}
		{C13920A2-AEE4-414F-A116-ACFB9340E912} = {5859B3E3-704B-AA76-6FF4-C8AD9A26BE2B}
		{26B2BED3-B540-CE97-F927-F08B219F18CD} = {35ED8B93-7A0A-4D35-A5B1-6B7424663034}
		{74B3ECE0-7F77-3B39-D138-C76355B16768} = {26B2BED3-B540-CE97-F927-F08B219F18CD}
		{8E24D32B-4E05-428C-9DA8-85D478EAD0F2} = {74B3ECE0-7F77-3B39-D138-C76355B16768}
		{8FEFF433-CE23-D439-481E-8D29CBC85DC9} = {26B2BED3-B540-CE97-F927-F08B219F18CD}
		{B9DFFC91-E04B-49D8-AC46-BABBCCDD59A2} = {8FEFF433-CE23-D439-481E-8D29CBC85DC9}
		{3DD35761-0C67-9D38-13B6-3A00EAC7009C} = {26B2BED3-B540-CE97-F927-F08B219F18CD}
		{F33CF7BA-9F0A-4904-AA3A-E94B41063F6D} = {3DD35761-0C67-9D38-13B6-3A00EAC7009C}
		{62AFB12F-8D88-76E4-0FEB-DEE49112D559} = {26B2BED3-B540-CE97-F927-F08B219F18CD}
		{568D738F-9C72-4B98-A47E-0292D29B3C5D} = {62AFB12F-8D88-76E4-0FEB-DEE49112D559}
		{4CF6A29F-E2A1-9F25-0086-7622258C8A7F} = {26B2BED3-B540-CE97-F927-F08B219F18CD}
		{73F9A829-EC9B-4B9F-9B5B-23E3AA19B429} = {4CF6A29F-E2A1-9F25-0086-7622258C8A7F}
		{3CCE567B-6DD9-B937-60BE-BA4EAF19632F} = {26B2BED3-B540-CE97-F927-F08B219F18CD}
		{B834558A-2DEE-4693-8309-661D4572E36C} = {3CCE567B-6DD9-B937-60BE-BA4EAF19632F}
		{07036890-30AE-5DA9-0E60-7AE1009E0D61} = {26B2BED3-B540-CE97-F927-F08B219F18CD}
		{CC1BA788-F950-4596-8068-2575D289B0AE} = {07036890-30AE-5DA9-0E60-7AE1009E0D61}
		{4C15DBA3-57AA-BB99-3C7F-295952BA5A85} = {26B2BED3-B540-CE97-F927-F08B219F18CD}
		{71D95014-6FCB-4A20-A6A9-021AB4942A6F} = {4C15DBA3-57AA-BB99-3C7F-295952BA5A85}
		{47F57182-9262-3E8B-9BC3-56C30B4DA47D} = {26B2BED3-B540-CE97-F927-F08B219F18CD}
		{36C8D467-243E-4B92-A40F-E2FB6C26E5D4} = {47F57182-9262-3E8B-9BC3-56C30B4DA47D}
		{55B64A0B-81B2-1A1D-E553-97D900E3506D} = {26B2BED3-B540-CE97-F927-F08B219F18CD}
		{40C87740-3615-4ABB-9B45-D33FAC67FB38} = {55B64A0B-81B2-1A1D-E553-97D900E3506D}
	EndGlobalSection
EndGlobal
